Microsoft Visual Studio Solution File, Format Version 12.00
Project("{9A19103F-16F7-4668-BE54-9A1E7A4F7556}") = "TestUtilities", "..\Common\tests\TestUtilities\TestUtilities.csproj", "{8D9AEA48-C9C5-42EE-9FF1-A27B9973EE18}"
EndProject
Project("{9A19103F-16F7-4668-BE54-9A1E7A4F7556}") = "Microsoft.Win32.Registry", "..\Microsoft.Win32.Registry\ref\Microsoft.Win32.Registry.csproj", "{90F093C0-0C49-4146-AD5D-0C6A6547A258}"
EndProject
Project("{9A19103F-16F7-4668-BE54-9A1E7A4F7556}") = "System.Collections.Specialized", "ref\System.Collections.Specialized.csproj", "{D414DDBE-F5D9-4030-A576-DA2CBC96EB5D}"
EndProject
Project("{9A19103F-16F7-4668-BE54-9A1E7A4F7556}") = "System.Collections.Specialized", "src\System.Collections.Specialized.csproj", "{FE0B5511-A5E1-4E19-A232-B89F628C417E}"
EndProject
Project("{9A19103F-16F7-4668-BE54-9A1E7A4F7556}") = "System.Collections.Specialized.Tests", "tests\System.Collections.Specialized.Tests.csproj", "{6708616F-5AFD-4AF1-B04E-81EAC42F2EB3}"
EndProject
Project("{9A19103F-16F7-4668-BE54-9A1E7A4F7556}") = "System.Runtime.CompilerServices.Unsafe", "..\System.Runtime.CompilerServices.Unsafe\ref\System.Runtime.CompilerServices.Unsafe.csproj", "{8BFB50AF-BD65-489C-B77F-A0840982FC04}"
EndProject
Project("{9A19103F-16F7-4668-BE54-9A1E7A4F7556}") = "System.Runtime.CompilerServices.Unsafe", "..\System.Runtime.CompilerServices.Unsafe\src\System.Runtime.CompilerServices.Unsafe.ilproj", "{A29B4AED-EDEE-48B5-BA13-7F4D06E85D1C}"
EndProject
Project("{9A19103F-16F7-4668-BE54-9A1E7A4F7556}") = "System.Security.AccessControl", "..\System.Security.AccessControl\ref\System.Security.AccessControl.csproj", "{89284892-6E2A-4D68-B60B-AA01BF45E38E}"
EndProject
Project("{9A19103F-16F7-4668-BE54-9A1E7A4F7556}") = "System.Security.Principal.Windows", "..\System.Security.Principal.Windows\ref\System.Security.Principal.Windows.csproj", "{735E08A8-F52E-47A8-85B9-1E45A9422A32}"
EndProject
Project("{2150E333-8FDC-42A3-9474-1A3956D46DE8}") = "ref", "ref", "{89A9382C-10B0-410A-BEF7-A34AB0A34296}"
EndProject
Project("{2150E333-8FDC-42A3-9474-1A3956D46DE8}") = "src", "src", "{B666AB33-82C1-4E76-AD0E-E53C78C703DA}"
EndProject
Project("{2150E333-8FDC-42A3-9474-1A3956D46DE8}") = "tests", "tests", "{7A846D37-6CF5-496D-A477-FB78A7934192}"
EndProject
Global
	GlobalSection(SolutionConfigurationPlatforms) = preSolution
		Debug|Any CPU = Debug|Any CPU
		Release|Any CPU = Release|Any CPU
	EndGlobalSection
	GlobalSection(ProjectConfigurationPlatforms) = postSolution
		{D414DDBE-F5D9-4030-A576-DA2CBC96EB5D}.Debug|Any CPU.ActiveCfg = Debug|Any CPU
		{D414DDBE-F5D9-4030-A576-DA2CBC96EB5D}.Debug|Any CPU.Build.0 = Debug|Any CPU
		{D414DDBE-F5D9-4030-A576-DA2CBC96EB5D}.Release|Any CPU.ActiveCfg = Release|Any CPU
		{D414DDBE-F5D9-4030-A576-DA2CBC96EB5D}.Release|Any CPU.Build.0 = Release|Any CPU
		{FE0B5511-A5E1-4E19-A232-B89F628C417E}.Debug|Any CPU.ActiveCfg = Debug|Any CPU
		{FE0B5511-A5E1-4E19-A232-B89F628C417E}.Debug|Any CPU.Build.0 = Debug|Any CPU
		{FE0B5511-A5E1-4E19-A232-B89F628C417E}.Release|Any CPU.ActiveCfg = Release|Any CPU
		{FE0B5511-A5E1-4E19-A232-B89F628C417E}.Release|Any CPU.Build.0 = Release|Any CPU
		{6708616F-5AFD-4AF1-B04E-81EAC42F2EB3}.Debug|Any CPU.ActiveCfg = Debug|Any CPU
		{6708616F-5AFD-4AF1-B04E-81EAC42F2EB3}.Debug|Any CPU.Build.0 = Debug|Any CPU
		{6708616F-5AFD-4AF1-B04E-81EAC42F2EB3}.Release|Any CPU.ActiveCfg = Release|Any CPU
		{6708616F-5AFD-4AF1-B04E-81EAC42F2EB3}.Release|Any CPU.Build.0 = Release|Any CPU
		{8D9AEA48-C9C5-42EE-9FF1-A27B9973EE18}.Debug|Any CPU.ActiveCfg = Debug|Any CPU
		{8D9AEA48-C9C5-42EE-9FF1-A27B9973EE18}.Debug|Any CPU.Build.0 = Debug|Any CPU
		{8D9AEA48-C9C5-42EE-9FF1-A27B9973EE18}.Release|Any CPU.ActiveCfg = Release|Any CPU
		{8D9AEA48-C9C5-42EE-9FF1-A27B9973EE18}.Release|Any CPU.Build.0 = Release|Any CPU
		{90F093C0-0C49-4146-AD5D-0C6A6547A258}.Debug|Any CPU.ActiveCfg = Debug|Any CPU
		{90F093C0-0C49-4146-AD5D-0C6A6547A258}.Debug|Any CPU.Build.0 = Debug|Any CPU
		{90F093C0-0C49-4146-AD5D-0C6A6547A258}.Release|Any CPU.ActiveCfg = Release|Any CPU
		{90F093C0-0C49-4146-AD5D-0C6A6547A258}.Release|Any CPU.Build.0 = Release|Any CPU
		{735E08A8-F52E-47A8-85B9-1E45A9422A32}.Debug|Any CPU.ActiveCfg = Debug|Any CPU
		{735E08A8-F52E-47A8-85B9-1E45A9422A32}.Debug|Any CPU.Build.0 = Debug|Any CPU
		{735E08A8-F52E-47A8-85B9-1E45A9422A32}.Release|Any CPU.ActiveCfg = Release|Any CPU
		{735E08A8-F52E-47A8-85B9-1E45A9422A32}.Release|Any CPU.Build.0 = Release|Any CPU
		{89284892-6E2A-4D68-B60B-AA01BF45E38E}.Debug|Any CPU.ActiveCfg = Debug|Any CPU
		{89284892-6E2A-4D68-B60B-AA01BF45E38E}.Debug|Any CPU.Build.0 = Debug|Any CPU
		{89284892-6E2A-4D68-B60B-AA01BF45E38E}.Release|Any CPU.ActiveCfg = Release|Any CPU
		{89284892-6E2A-4D68-B60B-AA01BF45E38E}.Release|Any CPU.Build.0 = Release|Any CPU
		{A29B4AED-EDEE-48B5-BA13-7F4D06E85D1C}.Debug|Any CPU.ActiveCfg = Debug|Any CPU
		{A29B4AED-EDEE-48B5-BA13-7F4D06E85D1C}.Debug|Any CPU.Build.0 = Debug|Any CPU
		{A29B4AED-EDEE-48B5-BA13-7F4D06E85D1C}.Release|Any CPU.ActiveCfg = Release|Any CPU
		{A29B4AED-EDEE-48B5-BA13-7F4D06E85D1C}.Release|Any CPU.Build.0 = Release|Any CPU
		{8BFB50AF-BD65-489C-B77F-A0840982FC04}.Debug|Any CPU.ActiveCfg = Debug|Any CPU
		{8BFB50AF-BD65-489C-B77F-A0840982FC04}.Debug|Any CPU.Build.0 = Debug|Any CPU
		{8BFB50AF-BD65-489C-B77F-A0840982FC04}.Release|Any CPU.ActiveCfg = Release|Any CPU
		{8BFB50AF-BD65-489C-B77F-A0840982FC04}.Release|Any CPU.Build.0 = Release|Any CPU
	EndGlobalSection
	GlobalSection(SolutionProperties) = preSolution
		HideSolutionNode = FALSE
	EndGlobalSection
	GlobalSection(NestedProjects) = preSolution
		{D414DDBE-F5D9-4030-A576-DA2CBC96EB5D} = {89A9382C-10B0-410A-BEF7-A34AB0A34296}
		{90F093C0-0C49-4146-AD5D-0C6A6547A258} = {89A9382C-10B0-410A-BEF7-A34AB0A34296}
		{735E08A8-F52E-47A8-85B9-1E45A9422A32} = {89A9382C-10B0-410A-BEF7-A34AB0A34296}
		{89284892-6E2A-4D68-B60B-AA01BF45E38E} = {89A9382C-10B0-410A-BEF7-A34AB0A34296}
		{8BFB50AF-BD65-489C-B77F-A0840982FC04} = {89A9382C-10B0-410A-BEF7-A34AB0A34296}
		{FE0B5511-A5E1-4E19-A232-B89F628C417E} = {B666AB33-82C1-4E76-AD0E-E53C78C703DA}
		{A29B4AED-EDEE-48B5-BA13-7F4D06E85D1C} = {B666AB33-82C1-4E76-AD0E-E53C78C703DA}
		{6708616F-5AFD-4AF1-B04E-81EAC42F2EB3} = {7A846D37-6CF5-496D-A477-FB78A7934192}
		{8D9AEA48-C9C5-42EE-9FF1-A27B9973EE18} = {7A846D37-6CF5-496D-A477-FB78A7934192}
	EndGlobalSection
	GlobalSection(ExtensibilityGlobals) = postSolution
		SolutionGuid = {BF9E2841-822A-4FDC-B8C5-AF262BB721D6}
	EndGlobalSection
EndGlobal
