Microsoft Visual Studio Solution File, Format Version 12.00
Project("{9A19103F-16F7-4668-BE54-9A1E7A4F7556}") = "TestUtilities", "..\Common\tests\TestUtilities\TestUtilities.csproj", "{0869556F-E34F-4284-B985-CB6D3B6AD954}"
EndProject
Project("{9A19103F-16F7-4668-BE54-9A1E7A4F7556}") = "Microsoft.Win32.Registry", "..\Microsoft.Win32.Registry\ref\Microsoft.Win32.Registry.csproj", "{7A9E3113-5E7B-4531-BC0F-FA9A65CBBF44}"
EndProject
Project("{9A19103F-16F7-4668-BE54-9A1E7A4F7556}") = "System.IO.Compression.ZipFile", "ref\System.IO.Compression.ZipFile.csproj", "{E91931AD-977E-4608-9F40-997163322D8B}"
EndProject
Project("{9A19103F-16F7-4668-BE54-9A1E7A4F7556}") = "System.IO.Compression.ZipFile", "src\System.IO.Compression.ZipFile.csproj", "{A3C36A2F-2586-43DF-B39C-A9D14DF8524E}"
EndProject
Project("{9A19103F-16F7-4668-BE54-9A1E7A4F7556}") = "System.IO.Compression.ZipFile.Tests", "tests\System.IO.Compression.ZipFile.Tests.csproj", "{D5A89FC9-7913-4F80-BA16-6587EB6140E3}"
EndProject
Project("{9A19103F-16F7-4668-BE54-9A1E7A4F7556}") = "System.Runtime.CompilerServices.Unsafe", "..\System.Runtime.CompilerServices.Unsafe\ref\System.Runtime.CompilerServices.Unsafe.csproj", "{9D260F5B-F8EC-41D2-8A30-60D6ADF0910A}"
EndProject
Project("{9A19103F-16F7-4668-BE54-9A1E7A4F7556}") = "System.Runtime.CompilerServices.Unsafe", "..\System.Runtime.CompilerServices.Unsafe\src\System.Runtime.CompilerServices.Unsafe.ilproj", "{DBD14497-E65E-45FC-99BA-DFE6641135BE}"
EndProject
Project("{9A19103F-16F7-4668-BE54-9A1E7A4F7556}") = "System.Security.AccessControl", "..\System.Security.AccessControl\ref\System.Security.AccessControl.csproj", "{BE00471F-EB95-4C7C-979B-C049244CE9D4}"
EndProject
Project("{9A19103F-16F7-4668-BE54-9A1E7A4F7556}") = "System.Security.Principal.Windows", "..\System.Security.Principal.Windows\ref\System.Security.Principal.Windows.csproj", "{F676A88B-C621-4417-8BD9-695950375981}"
EndProject
Project("{2150E333-8FDC-42A3-9474-1A3956D46DE8}") = "ref", "ref", "{6F632398-BA2E-4338-8F81-302B1D334CBA}"
EndProject
Project("{2150E333-8FDC-42A3-9474-1A3956D46DE8}") = "src", "src", "{26086F92-F3A2-4E33-BCE8-07B40FACAF05}"
EndProject
Project("{2150E333-8FDC-42A3-9474-1A3956D46DE8}") = "tests", "tests", "{593D99E5-20AB-4BBF-8E99-5B881517658D}"
EndProject
Global
	GlobalSection(SolutionConfigurationPlatforms) = preSolution
		Debug|Any CPU = Debug|Any CPU
		Release|Any CPU = Release|Any CPU
	EndGlobalSection
	GlobalSection(ProjectConfigurationPlatforms) = postSolution
		{E91931AD-977E-4608-9F40-997163322D8B}.Debug|Any CPU.ActiveCfg = Debug|Any CPU
		{E91931AD-977E-4608-9F40-997163322D8B}.Debug|Any CPU.Build.0 = Debug|Any CPU
		{E91931AD-977E-4608-9F40-997163322D8B}.Release|Any CPU.ActiveCfg = Release|Any CPU
		{E91931AD-977E-4608-9F40-997163322D8B}.Release|Any CPU.Build.0 = Release|Any CPU
		{A3C36A2F-2586-43DF-B39C-A9D14DF8524E}.Debug|Any CPU.ActiveCfg = Debug|Any CPU
		{A3C36A2F-2586-43DF-B39C-A9D14DF8524E}.Debug|Any CPU.Build.0 = Debug|Any CPU
		{A3C36A2F-2586-43DF-B39C-A9D14DF8524E}.Release|Any CPU.ActiveCfg = Release|Any CPU
		{A3C36A2F-2586-43DF-B39C-A9D14DF8524E}.Release|Any CPU.Build.0 = Release|Any CPU
		{D5A89FC9-7913-4F80-BA16-6587EB6140E3}.Debug|Any CPU.ActiveCfg = Debug|Any CPU
		{D5A89FC9-7913-4F80-BA16-6587EB6140E3}.Debug|Any CPU.Build.0 = Debug|Any CPU
		{D5A89FC9-7913-4F80-BA16-6587EB6140E3}.Release|Any CPU.ActiveCfg = Release|Any CPU
		{D5A89FC9-7913-4F80-BA16-6587EB6140E3}.Release|Any CPU.Build.0 = Release|Any CPU
		{0869556F-E34F-4284-B985-CB6D3B6AD954}.Debug|Any CPU.ActiveCfg = Debug|Any CPU
		{0869556F-E34F-4284-B985-CB6D3B6AD954}.Debug|Any CPU.Build.0 = Debug|Any CPU
		{0869556F-E34F-4284-B985-CB6D3B6AD954}.Release|Any CPU.ActiveCfg = Release|Any CPU
		{0869556F-E34F-4284-B985-CB6D3B6AD954}.Release|Any CPU.Build.0 = Release|Any CPU
		{7A9E3113-5E7B-4531-BC0F-FA9A65CBBF44}.Debug|Any CPU.ActiveCfg = Debug|Any CPU
		{7A9E3113-5E7B-4531-BC0F-FA9A65CBBF44}.Debug|Any CPU.Build.0 = Debug|Any CPU
		{7A9E3113-5E7B-4531-BC0F-FA9A65CBBF44}.Release|Any CPU.ActiveCfg = Release|Any CPU
		{7A9E3113-5E7B-4531-BC0F-FA9A65CBBF44}.Release|Any CPU.Build.0 = Release|Any CPU
		{F676A88B-C621-4417-8BD9-695950375981}.Debug|Any CPU.ActiveCfg = Debug|Any CPU
		{F676A88B-C621-4417-8BD9-695950375981}.Debug|Any CPU.Build.0 = Debug|Any CPU
		{F676A88B-C621-4417-8BD9-695950375981}.Release|Any CPU.ActiveCfg = Release|Any CPU
		{F676A88B-C621-4417-8BD9-695950375981}.Release|Any CPU.Build.0 = Release|Any CPU
		{DBD14497-E65E-45FC-99BA-DFE6641135BE}.Debug|Any CPU.ActiveCfg = Debug|Any CPU
		{DBD14497-E65E-45FC-99BA-DFE6641135BE}.Debug|Any CPU.Build.0 = Debug|Any CPU
		{DBD14497-E65E-45FC-99BA-DFE6641135BE}.Release|Any CPU.ActiveCfg = Release|Any CPU
		{DBD14497-E65E-45FC-99BA-DFE6641135BE}.Release|Any CPU.Build.0 = Release|Any CPU
		{BE00471F-EB95-4C7C-979B-C049244CE9D4}.Debug|Any CPU.ActiveCfg = Debug|Any CPU
		{BE00471F-EB95-4C7C-979B-C049244CE9D4}.Debug|Any CPU.Build.0 = Debug|Any CPU
		{BE00471F-EB95-4C7C-979B-C049244CE9D4}.Release|Any CPU.ActiveCfg = Release|Any CPU
		{BE00471F-EB95-4C7C-979B-C049244CE9D4}.Release|Any CPU.Build.0 = Release|Any CPU
		{9D260F5B-F8EC-41D2-8A30-60D6ADF0910A}.Debug|Any CPU.ActiveCfg = Debug|Any CPU
		{9D260F5B-F8EC-41D2-8A30-60D6ADF0910A}.Debug|Any CPU.Build.0 = Debug|Any CPU
		{9D260F5B-F8EC-41D2-8A30-60D6ADF0910A}.Release|Any CPU.ActiveCfg = Release|Any CPU
		{9D260F5B-F8EC-41D2-8A30-60D6ADF0910A}.Release|Any CPU.Build.0 = Release|Any CPU
	EndGlobalSection
	GlobalSection(SolutionProperties) = preSolution
		HideSolutionNode = FALSE
	EndGlobalSection
	GlobalSection(NestedProjects) = preSolution
		{E91931AD-977E-4608-9F40-997163322D8B} = {6F632398-BA2E-4338-8F81-302B1D334CBA}
		{7A9E3113-5E7B-4531-BC0F-FA9A65CBBF44} = {6F632398-BA2E-4338-8F81-302B1D334CBA}
		{F676A88B-C621-4417-8BD9-695950375981} = {6F632398-BA2E-4338-8F81-302B1D334CBA}
		{BE00471F-EB95-4C7C-979B-C049244CE9D4} = {6F632398-BA2E-4338-8F81-302B1D334CBA}
		{9D260F5B-F8EC-41D2-8A30-60D6ADF0910A} = {6F632398-BA2E-4338-8F81-302B1D334CBA}
		{A3C36A2F-2586-43DF-B39C-A9D14DF8524E} = {26086F92-F3A2-4E33-BCE8-07B40FACAF05}
		{DBD14497-E65E-45FC-99BA-DFE6641135BE} = {26086F92-F3A2-4E33-BCE8-07B40FACAF05}
		{D5A89FC9-7913-4F80-BA16-6587EB6140E3} = {593D99E5-20AB-4BBF-8E99-5B881517658D}
		{0869556F-E34F-4284-B985-CB6D3B6AD954} = {593D99E5-20AB-4BBF-8E99-5B881517658D}
	EndGlobalSection
	GlobalSection(ExtensibilityGlobals) = postSolution
		SolutionGuid = {D2E26432-A647-4E61-9A30-DE6C62BBD632}
	EndGlobalSection
EndGlobal
