Microsoft Visual Studio Solution File, Format Version 12.00
Project("{9A19103F-16F7-4668-BE54-9A1E7A4F7556}") = "TestUtilities", "..\Common\tests\TestUtilities\TestUtilities.csproj", "{AF1B1B01-A4EC-45F4-AE51-CC1FA7892181}"
EndProject
Project("{9A19103F-16F7-4668-BE54-9A1E7A4F7556}") = "Microsoft.Win32.Registry", "..\Microsoft.Win32.Registry\ref\Microsoft.Win32.Registry.csproj", "{E5F5B9CF-770F-438A-9595-7CF25F08C648}"
EndProject
Project("{9A19103F-16F7-4668-BE54-9A1E7A4F7556}") = "System.Linq", "ref\System.Linq.csproj", "{7E4C1F09-B4F2-470E-9E7B-2C386E93D657}"
EndProject
Project("{9A19103F-16F7-4668-BE54-9A1E7A4F7556}") = "System.Linq", "src\System.Linq.csproj", "{14B966BB-CE23-4432-ADBB-89974389AC1D}"
EndProject
Project("{9A19103F-16F7-4668-BE54-9A1E7A4F7556}") = "System.Linq.Tests", "tests\System.Linq.Tests.csproj", "{80A4051B-4A36-4A8B-BA43-A5AB8AA959F3}"
EndProject
Project("{9A19103F-16F7-4668-BE54-9A1E7A4F7556}") = "System.Runtime.CompilerServices.Unsafe", "..\System.Runtime.CompilerServices.Unsafe\ref\System.Runtime.CompilerServices.Unsafe.csproj", "{21AED160-72CD-4B0C-A6B6-EEB5DBAF4A53}"
EndProject
Project("{9A19103F-16F7-4668-BE54-9A1E7A4F7556}") = "System.Runtime.CompilerServices.Unsafe", "..\System.Runtime.CompilerServices.Unsafe\src\System.Runtime.CompilerServices.Unsafe.ilproj", "{6EF5B962-4321-4D67-A560-E82B739AEAF4}"
EndProject
Project("{9A19103F-16F7-4668-BE54-9A1E7A4F7556}") = "System.Security.AccessControl", "..\System.Security.AccessControl\ref\System.Security.AccessControl.csproj", "{CC926427-E13D-4C13-9FE8-9F4C048623B7}"
EndProject
Project("{9A19103F-16F7-4668-BE54-9A1E7A4F7556}") = "System.Security.Principal.Windows", "..\System.Security.Principal.Windows\ref\System.Security.Principal.Windows.csproj", "{889F50AF-92F7-4076-9E76-0E3F1E7B7DFC}"
EndProject
Project("{2150E333-8FDC-42A3-9474-1A3956D46DE8}") = "ref", "ref", "{20F00E6D-D73A-4D70-B729-569A6C0AB4AF}"
EndProject
Project("{2150E333-8FDC-42A3-9474-1A3956D46DE8}") = "src", "src", "{6DB74126-C42F-4052-A5D0-D8FBDAD1F4A5}"
EndProject
Project("{2150E333-8FDC-42A3-9474-1A3956D46DE8}") = "tests", "tests", "{53E0922E-348F-45F8-BAF1-CE8F7544EBAA}"
EndProject
Global
	GlobalSection(SolutionConfigurationPlatforms) = preSolution
		Debug|Any CPU = Debug|Any CPU
		Release|Any CPU = Release|Any CPU
	EndGlobalSection
	GlobalSection(ProjectConfigurationPlatforms) = postSolution
		{7E4C1F09-B4F2-470E-9E7B-2C386E93D657}.Debug|Any CPU.ActiveCfg = Debug|Any CPU
		{7E4C1F09-B4F2-470E-9E7B-2C386E93D657}.Debug|Any CPU.Build.0 = Debug|Any CPU
		{7E4C1F09-B4F2-470E-9E7B-2C386E93D657}.Release|Any CPU.ActiveCfg = Release|Any CPU
		{7E4C1F09-B4F2-470E-9E7B-2C386E93D657}.Release|Any CPU.Build.0 = Release|Any CPU
		{14B966BB-CE23-4432-ADBB-89974389AC1D}.Debug|Any CPU.ActiveCfg = Debug|Any CPU
		{14B966BB-CE23-4432-ADBB-89974389AC1D}.Debug|Any CPU.Build.0 = Debug|Any CPU
		{14B966BB-CE23-4432-ADBB-89974389AC1D}.Release|Any CPU.ActiveCfg = Release|Any CPU
		{14B966BB-CE23-4432-ADBB-89974389AC1D}.Release|Any CPU.Build.0 = Release|Any CPU
		{80A4051B-4A36-4A8B-BA43-A5AB8AA959F3}.Debug|Any CPU.ActiveCfg = Debug|Any CPU
		{80A4051B-4A36-4A8B-BA43-A5AB8AA959F3}.Debug|Any CPU.Build.0 = Debug|Any CPU
		{80A4051B-4A36-4A8B-BA43-A5AB8AA959F3}.Release|Any CPU.ActiveCfg = Release|Any CPU
		{80A4051B-4A36-4A8B-BA43-A5AB8AA959F3}.Release|Any CPU.Build.0 = Release|Any CPU
		{AF1B1B01-A4EC-45F4-AE51-CC1FA7892181}.Debug|Any CPU.ActiveCfg = Debug|Any CPU
		{AF1B1B01-A4EC-45F4-AE51-CC1FA7892181}.Debug|Any CPU.Build.0 = Debug|Any CPU
		{AF1B1B01-A4EC-45F4-AE51-CC1FA7892181}.Release|Any CPU.ActiveCfg = Release|Any CPU
		{AF1B1B01-A4EC-45F4-AE51-CC1FA7892181}.Release|Any CPU.Build.0 = Release|Any CPU
		{889F50AF-92F7-4076-9E76-0E3F1E7B7DFC}.Debug|Any CPU.ActiveCfg = Debug|Any CPU
		{889F50AF-92F7-4076-9E76-0E3F1E7B7DFC}.Debug|Any CPU.Build.0 = Debug|Any CPU
		{889F50AF-92F7-4076-9E76-0E3F1E7B7DFC}.Release|Any CPU.ActiveCfg = Release|Any CPU
		{889F50AF-92F7-4076-9E76-0E3F1E7B7DFC}.Release|Any CPU.Build.0 = Release|Any CPU
		{E5F5B9CF-770F-438A-9595-7CF25F08C648}.Debug|Any CPU.ActiveCfg = Debug|Any CPU
		{E5F5B9CF-770F-438A-9595-7CF25F08C648}.Debug|Any CPU.Build.0 = Debug|Any CPU
		{E5F5B9CF-770F-438A-9595-7CF25F08C648}.Release|Any CPU.ActiveCfg = Release|Any CPU
		{E5F5B9CF-770F-438A-9595-7CF25F08C648}.Release|Any CPU.Build.0 = Release|Any CPU
		{6EF5B962-4321-4D67-A560-E82B739AEAF4}.Debug|Any CPU.ActiveCfg = Debug|Any CPU
		{6EF5B962-4321-4D67-A560-E82B739AEAF4}.Debug|Any CPU.Build.0 = Debug|Any CPU
		{6EF5B962-4321-4D67-A560-E82B739AEAF4}.Release|Any CPU.ActiveCfg = Release|Any CPU
		{6EF5B962-4321-4D67-A560-E82B739AEAF4}.Release|Any CPU.Build.0 = Release|Any CPU
		{CC926427-E13D-4C13-9FE8-9F4C048623B7}.Debug|Any CPU.ActiveCfg = Debug|Any CPU
		{CC926427-E13D-4C13-9FE8-9F4C048623B7}.Debug|Any CPU.Build.0 = Debug|Any CPU
		{CC926427-E13D-4C13-9FE8-9F4C048623B7}.Release|Any CPU.ActiveCfg = Release|Any CPU
		{CC926427-E13D-4C13-9FE8-9F4C048623B7}.Release|Any CPU.Build.0 = Release|Any CPU
		{21AED160-72CD-4B0C-A6B6-EEB5DBAF4A53}.Debug|Any CPU.ActiveCfg = Debug|Any CPU
		{21AED160-72CD-4B0C-A6B6-EEB5DBAF4A53}.Debug|Any CPU.Build.0 = Debug|Any CPU
		{21AED160-72CD-4B0C-A6B6-EEB5DBAF4A53}.Release|Any CPU.ActiveCfg = Release|Any CPU
		{21AED160-72CD-4B0C-A6B6-EEB5DBAF4A53}.Release|Any CPU.Build.0 = Release|Any CPU
	EndGlobalSection
	GlobalSection(SolutionProperties) = preSolution
		HideSolutionNode = FALSE
	EndGlobalSection
	GlobalSection(NestedProjects) = preSolution
		{7E4C1F09-B4F2-470E-9E7B-2C386E93D657} = {20F00E6D-D73A-4D70-B729-569A6C0AB4AF}
		{889F50AF-92F7-4076-9E76-0E3F1E7B7DFC} = {20F00E6D-D73A-4D70-B729-569A6C0AB4AF}
		{E5F5B9CF-770F-438A-9595-7CF25F08C648} = {20F00E6D-D73A-4D70-B729-569A6C0AB4AF}
		{CC926427-E13D-4C13-9FE8-9F4C048623B7} = {20F00E6D-D73A-4D70-B729-569A6C0AB4AF}
		{21AED160-72CD-4B0C-A6B6-EEB5DBAF4A53} = {20F00E6D-D73A-4D70-B729-569A6C0AB4AF}
		{14B966BB-CE23-4432-ADBB-89974389AC1D} = {6DB74126-C42F-4052-A5D0-D8FBDAD1F4A5}
		{6EF5B962-4321-4D67-A560-E82B739AEAF4} = {6DB74126-C42F-4052-A5D0-D8FBDAD1F4A5}
		{80A4051B-4A36-4A8B-BA43-A5AB8AA959F3} = {53E0922E-348F-45F8-BAF1-CE8F7544EBAA}
		{AF1B1B01-A4EC-45F4-AE51-CC1FA7892181} = {53E0922E-348F-45F8-BAF1-CE8F7544EBAA}
	EndGlobalSection
	GlobalSection(ExtensibilityGlobals) = postSolution
		SolutionGuid = {A4970D79-BF1C-4343-9070-B409DBB69F93}
	EndGlobalSection
EndGlobal
