Microsoft Visual Studio Solution File, Format Version 12.00
Project("{9A19103F-16F7-4668-BE54-9A1E7A4F7556}") = "TestUtilities", "..\Common\tests\TestUtilities\TestUtilities.csproj", "{C1E5B103-D955-40DB-A385-8E5FF9EEBA4E}"
EndProject
Project("{9A19103F-16F7-4668-BE54-9A1E7A4F7556}") = "Microsoft.Win32.Registry", "..\Microsoft.Win32.Registry\ref\Microsoft.Win32.Registry.csproj", "{1BB85182-9517-4E88-8373-F42C699787E9}"
EndProject
Project("{9A19103F-16F7-4668-BE54-9A1E7A4F7556}") = "dotnet-Microsoft.XmlSerializer.Generator", "src\Microsoft.XmlSerializer.Generator.csproj", "{3C8417AB-8E73-4EBF-B090-1367F3D23468}"
EndProject
Project("{9A19103F-16F7-4668-BE54-9A1E7A4F7556}") = "Microsoft.XmlSerializer.Generator.Tests", "tests\Microsoft.XmlSerializer.Generator.Tests.csproj", "{A90B6063-66BB-486C-8267-43AC8F9C5196}"
EndProject
Project("{9A19103F-16F7-4668-BE54-9A1E7A4F7556}") = "SerializableAssembly", "tests\SerializableAssembly.csproj", "{8B155C6F-4347-453C-8C4C-316D884C15C3}"
EndProject
Project("{9A19103F-16F7-4668-BE54-9A1E7A4F7556}") = "System.Runtime.CompilerServices.Unsafe", "..\System.Runtime.CompilerServices.Unsafe\ref\System.Runtime.CompilerServices.Unsafe.csproj", "{B3EA9B7E-FB07-4906-8878-C9DC04988ABC}"
EndProject
Project("{9A19103F-16F7-4668-BE54-9A1E7A4F7556}") = "System.Runtime.CompilerServices.Unsafe", "..\System.Runtime.CompilerServices.Unsafe\src\System.Runtime.CompilerServices.Unsafe.ilproj", "{5E286F47-DA0D-4F8A-A831-38F2426B23D3}"
EndProject
Project("{9A19103F-16F7-4668-BE54-9A1E7A4F7556}") = "System.Security.AccessControl", "..\System.Security.AccessControl\ref\System.Security.AccessControl.csproj", "{CA669D8B-43DF-46C8-9501-5C364140DFA7}"
EndProject
Project("{9A19103F-16F7-4668-BE54-9A1E7A4F7556}") = "System.Security.Principal.Windows", "..\System.Security.Principal.Windows\ref\System.Security.Principal.Windows.csproj", "{AA8B0D66-B511-4AE5-B43F-ABBC2994DB15}"
EndProject
Project("{2150E333-8FDC-42A3-9474-1A3956D46DE8}") = "tests", "tests", "{7B92B012-4CBE-4836-94ED-1D262C0D4CDB}"
EndProject
Project("{2150E333-8FDC-42A3-9474-1A3956D46DE8}") = "src", "src", "{27C3C26D-6FD5-4865-8FBF-B33A27DC6784}"
EndProject
Project("{2150E333-8FDC-42A3-9474-1A3956D46DE8}") = "ref", "ref", "{76EBB650-C58F-48DF-9E4F-3B1615BA4412}"
EndProject
Global
	GlobalSection(SolutionConfigurationPlatforms) = preSolution
		Debug|Any CPU = Debug|Any CPU
		Release|Any CPU = Release|Any CPU
	EndGlobalSection
	GlobalSection(ProjectConfigurationPlatforms) = postSolution
		{A90B6063-66BB-486C-8267-43AC8F9C5196}.Debug|Any CPU.ActiveCfg = Debug|Any CPU
		{A90B6063-66BB-486C-8267-43AC8F9C5196}.Debug|Any CPU.Build.0 = Debug|Any CPU
		{A90B6063-66BB-486C-8267-43AC8F9C5196}.Release|Any CPU.ActiveCfg = Release|Any CPU
		{A90B6063-66BB-486C-8267-43AC8F9C5196}.Release|Any CPU.Build.0 = Release|Any CPU
		{3C8417AB-8E73-4EBF-B090-1367F3D23468}.Debug|Any CPU.ActiveCfg = Debug|Any CPU
		{3C8417AB-8E73-4EBF-B090-1367F3D23468}.Debug|Any CPU.Build.0 = Debug|Any CPU
		{3C8417AB-8E73-4EBF-B090-1367F3D23468}.Release|Any CPU.ActiveCfg = Release|Any CPU
		{3C8417AB-8E73-4EBF-B090-1367F3D23468}.Release|Any CPU.Build.0 = Release|Any CPU
		{8B155C6F-4347-453C-8C4C-316D884C15C3}.Debug|Any CPU.ActiveCfg = Debug|Any CPU
		{8B155C6F-4347-453C-8C4C-316D884C15C3}.Debug|Any CPU.Build.0 = Debug|Any CPU
		{8B155C6F-4347-453C-8C4C-316D884C15C3}.Release|Any CPU.ActiveCfg = Release|Any CPU
		{8B155C6F-4347-453C-8C4C-316D884C15C3}.Release|Any CPU.Build.0 = Release|Any CPU
		{C1E5B103-D955-40DB-A385-8E5FF9EEBA4E}.Debug|Any CPU.ActiveCfg = Debug|Any CPU
		{C1E5B103-D955-40DB-A385-8E5FF9EEBA4E}.Debug|Any CPU.Build.0 = Debug|Any CPU
		{C1E5B103-D955-40DB-A385-8E5FF9EEBA4E}.Release|Any CPU.ActiveCfg = Release|Any CPU
		{C1E5B103-D955-40DB-A385-8E5FF9EEBA4E}.Release|Any CPU.Build.0 = Release|Any CPU
		{1BB85182-9517-4E88-8373-F42C699787E9}.Debug|Any CPU.ActiveCfg = Debug|Any CPU
		{1BB85182-9517-4E88-8373-F42C699787E9}.Debug|Any CPU.Build.0 = Debug|Any CPU
		{1BB85182-9517-4E88-8373-F42C699787E9}.Release|Any CPU.ActiveCfg = Release|Any CPU
		{1BB85182-9517-4E88-8373-F42C699787E9}.Release|Any CPU.Build.0 = Release|Any CPU
		{AA8B0D66-B511-4AE5-B43F-ABBC2994DB15}.Debug|Any CPU.ActiveCfg = Debug|Any CPU
		{AA8B0D66-B511-4AE5-B43F-ABBC2994DB15}.Debug|Any CPU.Build.0 = Debug|Any CPU
		{AA8B0D66-B511-4AE5-B43F-ABBC2994DB15}.Release|Any CPU.ActiveCfg = Release|Any CPU
		{AA8B0D66-B511-4AE5-B43F-ABBC2994DB15}.Release|Any CPU.Build.0 = Release|Any CPU
		{5E286F47-DA0D-4F8A-A831-38F2426B23D3}.Debug|Any CPU.ActiveCfg = Debug|Any CPU
		{5E286F47-DA0D-4F8A-A831-38F2426B23D3}.Debug|Any CPU.Build.0 = Debug|Any CPU
		{5E286F47-DA0D-4F8A-A831-38F2426B23D3}.Release|Any CPU.ActiveCfg = Release|Any CPU
		{5E286F47-DA0D-4F8A-A831-38F2426B23D3}.Release|Any CPU.Build.0 = Release|Any CPU
		{B3EA9B7E-FB07-4906-8878-C9DC04988ABC}.Debug|Any CPU.ActiveCfg = Debug|Any CPU
		{B3EA9B7E-FB07-4906-8878-C9DC04988ABC}.Debug|Any CPU.Build.0 = Debug|Any CPU
		{B3EA9B7E-FB07-4906-8878-C9DC04988ABC}.Release|Any CPU.ActiveCfg = Release|Any CPU
		{B3EA9B7E-FB07-4906-8878-C9DC04988ABC}.Release|Any CPU.Build.0 = Release|Any CPU
		{CA669D8B-43DF-46C8-9501-5C364140DFA7}.Debug|Any CPU.ActiveCfg = Debug|Any CPU
		{CA669D8B-43DF-46C8-9501-5C364140DFA7}.Debug|Any CPU.Build.0 = Debug|Any CPU
		{CA669D8B-43DF-46C8-9501-5C364140DFA7}.Release|Any CPU.ActiveCfg = Release|Any CPU
		{CA669D8B-43DF-46C8-9501-5C364140DFA7}.Release|Any CPU.Build.0 = Release|Any CPU
	EndGlobalSection
	GlobalSection(SolutionProperties) = preSolution
		HideSolutionNode = FALSE
	EndGlobalSection
	GlobalSection(NestedProjects) = preSolution
		{A90B6063-66BB-486C-8267-43AC8F9C5196} = {7B92B012-4CBE-4836-94ED-1D262C0D4CDB}
		{8B155C6F-4347-453C-8C4C-316D884C15C3} = {7B92B012-4CBE-4836-94ED-1D262C0D4CDB}
		{C1E5B103-D955-40DB-A385-8E5FF9EEBA4E} = {7B92B012-4CBE-4836-94ED-1D262C0D4CDB}
		{3C8417AB-8E73-4EBF-B090-1367F3D23468} = {27C3C26D-6FD5-4865-8FBF-B33A27DC6784}
		{5E286F47-DA0D-4F8A-A831-38F2426B23D3} = {27C3C26D-6FD5-4865-8FBF-B33A27DC6784}
		{1BB85182-9517-4E88-8373-F42C699787E9} = {76EBB650-C58F-48DF-9E4F-3B1615BA4412}
		{AA8B0D66-B511-4AE5-B43F-ABBC2994DB15} = {76EBB650-C58F-48DF-9E4F-3B1615BA4412}
		{B3EA9B7E-FB07-4906-8878-C9DC04988ABC} = {76EBB650-C58F-48DF-9E4F-3B1615BA4412}
		{CA669D8B-43DF-46C8-9501-5C364140DFA7} = {76EBB650-C58F-48DF-9E4F-3B1615BA4412}
	EndGlobalSection
	GlobalSection(ExtensibilityGlobals) = postSolution
		SolutionGuid = {E4BEDA84-BAED-4E86-B18F-8417E2FD10BB}
	EndGlobalSection
EndGlobal
