Microsoft Visual Studio Solution File, Format Version 12.00
Project("{9A19103F-16F7-4668-BE54-9A1E7A4F7556}") = "System.Private.CoreLib", "..\..\coreclr\System.Private.CoreLib\System.Private.CoreLib.csproj", "{152966B3-6D3D-4318-B62D-224940A6B746}"
EndProject
Project("{9A19103F-16F7-4668-BE54-9A1E7A4F7556}") = "TestUtilities", "..\Common\tests\TestUtilities\TestUtilities.csproj", "{B93B5C05-FB28-4173-8786-57B42CFE38F3}"
EndProject
Project("{9A19103F-16F7-4668-BE54-9A1E7A4F7556}") = "Microsoft.Win32.Registry", "..\Microsoft.Win32.Registry\ref\Microsoft.Win32.Registry.csproj", "{A523F56C-3070-4FA4-A23A-0549FF3B7EC0}"
EndProject
Project("{9A19103F-16F7-4668-BE54-9A1E7A4F7556}") = "Microsoft.Win32.SystemEvents", "..\Microsoft.Win32.SystemEvents\ref\Microsoft.Win32.SystemEvents.csproj", "{AFC17385-4DE6-40FF-AEF9-F117B0F1C00B}"
EndProject
Project("{9A19103F-16F7-4668-BE54-9A1E7A4F7556}") = "Microsoft.Win32.SystemEvents", "..\Microsoft.Win32.SystemEvents\src\Microsoft.Win32.SystemEvents.csproj", "{7A7EB655-E233-4824-BE13-34693F452D1E}"
EndProject
Project("{9A19103F-16F7-4668-BE54-9A1E7A4F7556}") = "System.Drawing.Common", "..\System.Drawing.Common\ref\System.Drawing.Common.csproj", "{73F02292-25AF-4232-9EF4-3E8254A6A92F}"
EndProject
Project("{9A19103F-16F7-4668-BE54-9A1E7A4F7556}") = "System.Drawing.Common", "..\System.Drawing.Common\src\System.Drawing.Common.csproj", "{00F48AD2-CCF6-4F52-A63E-AC2D00574375}"
EndProject
Project("{9A19103F-16F7-4668-BE54-9A1E7A4F7556}") = "System.Private.CoreLib.Generators", "..\System.Private.CoreLib\generators\System.Private.CoreLib.Generators.csproj", "{0A8158E6-BD76-4F49-A2D8-A2CA63200F84}"
EndProject
Project("{9A19103F-16F7-4668-BE54-9A1E7A4F7556}") = "System.Resources.Extensions", "..\System.Resources.Extensions\ref\System.Resources.Extensions.csproj", "{2AD1A798-283D-43C4-B98D-86EBD3CF6645}"
EndProject
Project("{9A19103F-16F7-4668-BE54-9A1E7A4F7556}") = "System.Resources.Extensions", "..\System.Resources.Extensions\src\System.Resources.Extensions.csproj", "{FACDBC9F-E46C-466C-97C5-231E0B3D5F67}"
EndProject
Project("{9A19103F-16F7-4668-BE54-9A1E7A4F7556}") = "System.Resources.ResourceManager", "ref\System.Resources.ResourceManager.csproj", "{16C50BBF-58E6-46B0-99EC-89927A65557B}"
EndProject
Project("{9A19103F-16F7-4668-BE54-9A1E7A4F7556}") = "System.Resources.ResourceManager", "src\System.Resources.ResourceManager.csproj", "{5C0A720D-EF35-4403-B246-89AFBFC6C7AF}"
EndProject
Project("{9A19103F-16F7-4668-BE54-9A1E7A4F7556}") = "System.Resources.ResourceManager.Tests", "tests\System.Resources.ResourceManager.Tests.csproj", "{DE363A06-8C3D-4DDA-AD67-3B6C253E0424}"
EndProject
Project("{9A19103F-16F7-4668-BE54-9A1E7A4F7556}") = "System.Runtime.CompilerServices.Unsafe", "..\System.Runtime.CompilerServices.Unsafe\ref\System.Runtime.CompilerServices.Unsafe.csproj", "{FD2E1F63-7B03-4220-8A94-262A11878B54}"
EndProject
Project("{9A19103F-16F7-4668-BE54-9A1E7A4F7556}") = "System.Runtime.CompilerServices.Unsafe", "..\System.Runtime.CompilerServices.Unsafe\src\System.Runtime.CompilerServices.Unsafe.ilproj", "{C411D7D4-7F9C-437E-A36D-022D30389B65}"
EndProject
Project("{9A19103F-16F7-4668-BE54-9A1E7A4F7556}") = "System.Security.AccessControl", "..\System.Security.AccessControl\ref\System.Security.AccessControl.csproj", "{3ADF14C8-EE04-4353-9DAC-49C5D13C7CC3}"
EndProject
Project("{9A19103F-16F7-4668-BE54-9A1E7A4F7556}") = "System.Security.Principal.Windows", "..\System.Security.Principal.Windows\ref\System.Security.Principal.Windows.csproj", "{CEC60C4B-43AC-403A-A36A-0A5F1FB08978}"
EndProject
Project("{2150E333-8FDC-42A3-9474-1A3956D46DE8}") = "ref", "ref", "{9DCA7CE6-D2EF-428B-A5BA-0EE30772D234}"
EndProject
Project("{2150E333-8FDC-42A3-9474-1A3956D46DE8}") = "tests", "tests", "{27219A0F-9C20-415C-A0C3-DCAACEAAB864}"
EndProject
Project("{2150E333-8FDC-42A3-9474-1A3956D46DE8}") = "src", "src", "{D3E00EB8-C18C-4976-B017-C73D85E50509}"
EndProject
Global
	GlobalSection(SolutionConfigurationPlatforms) = preSolution
		Debug|Any CPU = Debug|Any CPU
		Debug|x64 = Debug|x64
		Debug|x86 = Debug|x86
		Release|Any CPU = Release|Any CPU
		Release|x64 = Release|x64
		Release|x86 = Release|x86
		Checked|Any CPU = Checked|Any CPU
		Checked|x64 = Checked|x64
		Checked|x86 = Checked|x86
	EndGlobalSection
	GlobalSection(ProjectConfigurationPlatforms) = postSolution
		{16C50BBF-58E6-46B0-99EC-89927A65557B}.Debug|Any CPU.ActiveCfg = Debug|Any CPU
		{16C50BBF-58E6-46B0-99EC-89927A65557B}.Debug|Any CPU.Build.0 = Debug|Any CPU
		{16C50BBF-58E6-46B0-99EC-89927A65557B}.Debug|x64.ActiveCfg = Debug|Any CPU
		{16C50BBF-58E6-46B0-99EC-89927A65557B}.Debug|x64.Build.0 = Debug|Any CPU
		{16C50BBF-58E6-46B0-99EC-89927A65557B}.Debug|x86.ActiveCfg = Debug|Any CPU
		{16C50BBF-58E6-46B0-99EC-89927A65557B}.Debug|x86.Build.0 = Debug|Any CPU
		{16C50BBF-58E6-46B0-99EC-89927A65557B}.Release|Any CPU.ActiveCfg = Release|Any CPU
		{16C50BBF-58E6-46B0-99EC-89927A65557B}.Release|Any CPU.Build.0 = Release|Any CPU
		{16C50BBF-58E6-46B0-99EC-89927A65557B}.Release|x64.ActiveCfg = Release|Any CPU
		{16C50BBF-58E6-46B0-99EC-89927A65557B}.Release|x64.Build.0 = Release|Any CPU
		{16C50BBF-58E6-46B0-99EC-89927A65557B}.Release|x86.ActiveCfg = Release|Any CPU
		{16C50BBF-58E6-46B0-99EC-89927A65557B}.Release|x86.Build.0 = Release|Any CPU
		{16C50BBF-58E6-46B0-99EC-89927A65557B}.Checked|Any CPU.ActiveCfg = Debug|Any CPU
		{16C50BBF-58E6-46B0-99EC-89927A65557B}.Checked|x64.ActiveCfg = Debug|Any CPU
		{16C50BBF-58E6-46B0-99EC-89927A65557B}.Checked|x86.ActiveCfg = Debug|Any CPU
		{DE363A06-8C3D-4DDA-AD67-3B6C253E0424}.Debug|Any CPU.ActiveCfg = Debug|Any CPU
		{DE363A06-8C3D-4DDA-AD67-3B6C253E0424}.Debug|Any CPU.Build.0 = Debug|Any CPU
		{DE363A06-8C3D-4DDA-AD67-3B6C253E0424}.Debug|x64.ActiveCfg = Debug|Any CPU
		{DE363A06-8C3D-4DDA-AD67-3B6C253E0424}.Debug|x64.Build.0 = Debug|Any CPU
		{DE363A06-8C3D-4DDA-AD67-3B6C253E0424}.Debug|x86.ActiveCfg = Debug|Any CPU
		{DE363A06-8C3D-4DDA-AD67-3B6C253E0424}.Debug|x86.Build.0 = Debug|Any CPU
		{DE363A06-8C3D-4DDA-AD67-3B6C253E0424}.Release|Any CPU.ActiveCfg = Release|Any CPU
		{DE363A06-8C3D-4DDA-AD67-3B6C253E0424}.Release|Any CPU.Build.0 = Release|Any CPU
		{DE363A06-8C3D-4DDA-AD67-3B6C253E0424}.Release|x64.ActiveCfg = Release|Any CPU
		{DE363A06-8C3D-4DDA-AD67-3B6C253E0424}.Release|x64.Build.0 = Release|Any CPU
		{DE363A06-8C3D-4DDA-AD67-3B6C253E0424}.Release|x86.ActiveCfg = Release|Any CPU
		{DE363A06-8C3D-4DDA-AD67-3B6C253E0424}.Release|x86.Build.0 = Release|Any CPU
		{DE363A06-8C3D-4DDA-AD67-3B6C253E0424}.Checked|Any CPU.ActiveCfg = Debug|Any CPU
		{DE363A06-8C3D-4DDA-AD67-3B6C253E0424}.Checked|x64.ActiveCfg = Debug|Any CPU
		{DE363A06-8C3D-4DDA-AD67-3B6C253E0424}.Checked|x86.ActiveCfg = Debug|Any CPU
		{5C0A720D-EF35-4403-B246-89AFBFC6C7AF}.Debug|Any CPU.ActiveCfg = Debug|Any CPU
		{5C0A720D-EF35-4403-B246-89AFBFC6C7AF}.Debug|Any CPU.Build.0 = Debug|Any CPU
		{5C0A720D-EF35-4403-B246-89AFBFC6C7AF}.Debug|x64.ActiveCfg = Debug|Any CPU
		{5C0A720D-EF35-4403-B246-89AFBFC6C7AF}.Debug|x64.Build.0 = Debug|Any CPU
		{5C0A720D-EF35-4403-B246-89AFBFC6C7AF}.Debug|x86.ActiveCfg = Debug|Any CPU
		{5C0A720D-EF35-4403-B246-89AFBFC6C7AF}.Debug|x86.Build.0 = Debug|Any CPU
		{5C0A720D-EF35-4403-B246-89AFBFC6C7AF}.Release|Any CPU.ActiveCfg = Release|Any CPU
		{5C0A720D-EF35-4403-B246-89AFBFC6C7AF}.Release|Any CPU.Build.0 = Release|Any CPU
		{5C0A720D-EF35-4403-B246-89AFBFC6C7AF}.Release|x64.ActiveCfg = Release|Any CPU
		{5C0A720D-EF35-4403-B246-89AFBFC6C7AF}.Release|x64.Build.0 = Release|Any CPU
		{5C0A720D-EF35-4403-B246-89AFBFC6C7AF}.Release|x86.ActiveCfg = Release|Any CPU
		{5C0A720D-EF35-4403-B246-89AFBFC6C7AF}.Release|x86.Build.0 = Release|Any CPU
		{5C0A720D-EF35-4403-B246-89AFBFC6C7AF}.Checked|Any CPU.ActiveCfg = Debug|Any CPU
		{5C0A720D-EF35-4403-B246-89AFBFC6C7AF}.Checked|x64.ActiveCfg = Debug|Any CPU
		{5C0A720D-EF35-4403-B246-89AFBFC6C7AF}.Checked|x86.ActiveCfg = Debug|Any CPU
		{B93B5C05-FB28-4173-8786-57B42CFE38F3}.Debug|Any CPU.ActiveCfg = Debug|Any CPU
		{B93B5C05-FB28-4173-8786-57B42CFE38F3}.Debug|Any CPU.Build.0 = Debug|Any CPU
		{B93B5C05-FB28-4173-8786-57B42CFE38F3}.Debug|x64.ActiveCfg = Debug|Any CPU
		{B93B5C05-FB28-4173-8786-57B42CFE38F3}.Debug|x64.Build.0 = Debug|Any CPU
		{B93B5C05-FB28-4173-8786-57B42CFE38F3}.Debug|x86.ActiveCfg = Debug|Any CPU
		{B93B5C05-FB28-4173-8786-57B42CFE38F3}.Debug|x86.Build.0 = Debug|Any CPU
		{B93B5C05-FB28-4173-8786-57B42CFE38F3}.Release|Any CPU.ActiveCfg = Release|Any CPU
		{B93B5C05-FB28-4173-8786-57B42CFE38F3}.Release|Any CPU.Build.0 = Release|Any CPU
		{B93B5C05-FB28-4173-8786-57B42CFE38F3}.Release|x64.ActiveCfg = Release|Any CPU
		{B93B5C05-FB28-4173-8786-57B42CFE38F3}.Release|x64.Build.0 = Release|Any CPU
		{B93B5C05-FB28-4173-8786-57B42CFE38F3}.Release|x86.ActiveCfg = Release|Any CPU
		{B93B5C05-FB28-4173-8786-57B42CFE38F3}.Release|x86.Build.0 = Release|Any CPU
		{B93B5C05-FB28-4173-8786-57B42CFE38F3}.Checked|Any CPU.ActiveCfg = Debug|Any CPU
		{B93B5C05-FB28-4173-8786-57B42CFE38F3}.Checked|x64.ActiveCfg = Debug|Any CPU
		{B93B5C05-FB28-4173-8786-57B42CFE38F3}.Checked|x86.ActiveCfg = Debug|Any CPU
		{FACDBC9F-E46C-466C-97C5-231E0B3D5F67}.Debug|Any CPU.ActiveCfg = Debug|Any CPU
		{FACDBC9F-E46C-466C-97C5-231E0B3D5F67}.Debug|Any CPU.Build.0 = Debug|Any CPU
		{FACDBC9F-E46C-466C-97C5-231E0B3D5F67}.Debug|x64.ActiveCfg = Debug|Any CPU
		{FACDBC9F-E46C-466C-97C5-231E0B3D5F67}.Debug|x64.Build.0 = Debug|Any CPU
		{FACDBC9F-E46C-466C-97C5-231E0B3D5F67}.Debug|x86.ActiveCfg = Debug|Any CPU
		{FACDBC9F-E46C-466C-97C5-231E0B3D5F67}.Debug|x86.Build.0 = Debug|Any CPU
		{FACDBC9F-E46C-466C-97C5-231E0B3D5F67}.Release|Any CPU.ActiveCfg = Release|Any CPU
		{FACDBC9F-E46C-466C-97C5-231E0B3D5F67}.Release|Any CPU.Build.0 = Release|Any CPU
		{FACDBC9F-E46C-466C-97C5-231E0B3D5F67}.Release|x64.ActiveCfg = Release|Any CPU
		{FACDBC9F-E46C-466C-97C5-231E0B3D5F67}.Release|x64.Build.0 = Release|Any CPU
		{FACDBC9F-E46C-466C-97C5-231E0B3D5F67}.Release|x86.ActiveCfg = Release|Any CPU
		{FACDBC9F-E46C-466C-97C5-231E0B3D5F67}.Release|x86.Build.0 = Release|Any CPU
		{FACDBC9F-E46C-466C-97C5-231E0B3D5F67}.Checked|Any CPU.ActiveCfg = Debug|Any CPU
		{FACDBC9F-E46C-466C-97C5-231E0B3D5F67}.Checked|x64.ActiveCfg = Debug|Any CPU
		{FACDBC9F-E46C-466C-97C5-231E0B3D5F67}.Checked|x86.ActiveCfg = Debug|Any CPU
		{00F48AD2-CCF6-4F52-A63E-AC2D00574375}.Debug|Any CPU.ActiveCfg = Debug|Any CPU
		{00F48AD2-CCF6-4F52-A63E-AC2D00574375}.Debug|Any CPU.Build.0 = Debug|Any CPU
		{00F48AD2-CCF6-4F52-A63E-AC2D00574375}.Debug|x64.ActiveCfg = Debug|Any CPU
		{00F48AD2-CCF6-4F52-A63E-AC2D00574375}.Debug|x64.Build.0 = Debug|Any CPU
		{00F48AD2-CCF6-4F52-A63E-AC2D00574375}.Debug|x86.ActiveCfg = Debug|Any CPU
		{00F48AD2-CCF6-4F52-A63E-AC2D00574375}.Debug|x86.Build.0 = Debug|Any CPU
		{00F48AD2-CCF6-4F52-A63E-AC2D00574375}.Release|Any CPU.ActiveCfg = Release|Any CPU
		{00F48AD2-CCF6-4F52-A63E-AC2D00574375}.Release|Any CPU.Build.0 = Release|Any CPU
		{00F48AD2-CCF6-4F52-A63E-AC2D00574375}.Release|x64.ActiveCfg = Release|Any CPU
		{00F48AD2-CCF6-4F52-A63E-AC2D00574375}.Release|x64.Build.0 = Release|Any CPU
		{00F48AD2-CCF6-4F52-A63E-AC2D00574375}.Release|x86.ActiveCfg = Release|Any CPU
		{00F48AD2-CCF6-4F52-A63E-AC2D00574375}.Release|x86.Build.0 = Release|Any CPU
		{00F48AD2-CCF6-4F52-A63E-AC2D00574375}.Checked|Any CPU.ActiveCfg = Debug|Any CPU
		{00F48AD2-CCF6-4F52-A63E-AC2D00574375}.Checked|x64.ActiveCfg = Debug|Any CPU
		{00F48AD2-CCF6-4F52-A63E-AC2D00574375}.Checked|x86.ActiveCfg = Debug|Any CPU
		{A523F56C-3070-4FA4-A23A-0549FF3B7EC0}.Debug|Any CPU.ActiveCfg = Debug|Any CPU
		{A523F56C-3070-4FA4-A23A-0549FF3B7EC0}.Debug|Any CPU.Build.0 = Debug|Any CPU
		{A523F56C-3070-4FA4-A23A-0549FF3B7EC0}.Debug|x64.ActiveCfg = Debug|Any CPU
		{A523F56C-3070-4FA4-A23A-0549FF3B7EC0}.Debug|x64.Build.0 = Debug|Any CPU
		{A523F56C-3070-4FA4-A23A-0549FF3B7EC0}.Debug|x86.ActiveCfg = Debug|Any CPU
		{A523F56C-3070-4FA4-A23A-0549FF3B7EC0}.Debug|x86.Build.0 = Debug|Any CPU
		{A523F56C-3070-4FA4-A23A-0549FF3B7EC0}.Release|Any CPU.ActiveCfg = Release|Any CPU
		{A523F56C-3070-4FA4-A23A-0549FF3B7EC0}.Release|Any CPU.Build.0 = Release|Any CPU
		{A523F56C-3070-4FA4-A23A-0549FF3B7EC0}.Release|x64.ActiveCfg = Release|Any CPU
		{A523F56C-3070-4FA4-A23A-0549FF3B7EC0}.Release|x64.Build.0 = Release|Any CPU
		{A523F56C-3070-4FA4-A23A-0549FF3B7EC0}.Release|x86.ActiveCfg = Release|Any CPU
		{A523F56C-3070-4FA4-A23A-0549FF3B7EC0}.Release|x86.Build.0 = Release|Any CPU
		{A523F56C-3070-4FA4-A23A-0549FF3B7EC0}.Checked|Any CPU.ActiveCfg = Debug|Any CPU
		{A523F56C-3070-4FA4-A23A-0549FF3B7EC0}.Checked|x64.ActiveCfg = Debug|Any CPU
		{A523F56C-3070-4FA4-A23A-0549FF3B7EC0}.Checked|x86.ActiveCfg = Debug|Any CPU
		{CEC60C4B-43AC-403A-A36A-0A5F1FB08978}.Debug|Any CPU.ActiveCfg = Debug|Any CPU
		{CEC60C4B-43AC-403A-A36A-0A5F1FB08978}.Debug|Any CPU.Build.0 = Debug|Any CPU
		{CEC60C4B-43AC-403A-A36A-0A5F1FB08978}.Debug|x64.ActiveCfg = Debug|Any CPU
		{CEC60C4B-43AC-403A-A36A-0A5F1FB08978}.Debug|x64.Build.0 = Debug|Any CPU
		{CEC60C4B-43AC-403A-A36A-0A5F1FB08978}.Debug|x86.ActiveCfg = Debug|Any CPU
		{CEC60C4B-43AC-403A-A36A-0A5F1FB08978}.Debug|x86.Build.0 = Debug|Any CPU
		{CEC60C4B-43AC-403A-A36A-0A5F1FB08978}.Release|Any CPU.ActiveCfg = Release|Any CPU
		{CEC60C4B-43AC-403A-A36A-0A5F1FB08978}.Release|Any CPU.Build.0 = Release|Any CPU
		{CEC60C4B-43AC-403A-A36A-0A5F1FB08978}.Release|x64.ActiveCfg = Release|Any CPU
		{CEC60C4B-43AC-403A-A36A-0A5F1FB08978}.Release|x64.Build.0 = Release|Any CPU
		{CEC60C4B-43AC-403A-A36A-0A5F1FB08978}.Release|x86.ActiveCfg = Release|Any CPU
		{CEC60C4B-43AC-403A-A36A-0A5F1FB08978}.Release|x86.Build.0 = Release|Any CPU
		{CEC60C4B-43AC-403A-A36A-0A5F1FB08978}.Checked|Any CPU.ActiveCfg = Debug|Any CPU
		{CEC60C4B-43AC-403A-A36A-0A5F1FB08978}.Checked|x64.ActiveCfg = Debug|Any CPU
		{CEC60C4B-43AC-403A-A36A-0A5F1FB08978}.Checked|x86.ActiveCfg = Debug|Any CPU
		{C411D7D4-7F9C-437E-A36D-022D30389B65}.Debug|Any CPU.ActiveCfg = Debug|Any CPU
		{C411D7D4-7F9C-437E-A36D-022D30389B65}.Debug|Any CPU.Build.0 = Debug|Any CPU
		{C411D7D4-7F9C-437E-A36D-022D30389B65}.Debug|x64.ActiveCfg = Debug|Any CPU
		{C411D7D4-7F9C-437E-A36D-022D30389B65}.Debug|x64.Build.0 = Debug|Any CPU
		{C411D7D4-7F9C-437E-A36D-022D30389B65}.Debug|x86.ActiveCfg = Debug|Any CPU
		{C411D7D4-7F9C-437E-A36D-022D30389B65}.Debug|x86.Build.0 = Debug|Any CPU
		{C411D7D4-7F9C-437E-A36D-022D30389B65}.Release|Any CPU.ActiveCfg = Release|Any CPU
		{C411D7D4-7F9C-437E-A36D-022D30389B65}.Release|Any CPU.Build.0 = Release|Any CPU
		{C411D7D4-7F9C-437E-A36D-022D30389B65}.Release|x64.ActiveCfg = Release|Any CPU
		{C411D7D4-7F9C-437E-A36D-022D30389B65}.Release|x64.Build.0 = Release|Any CPU
		{C411D7D4-7F9C-437E-A36D-022D30389B65}.Release|x86.ActiveCfg = Release|Any CPU
		{C411D7D4-7F9C-437E-A36D-022D30389B65}.Release|x86.Build.0 = Release|Any CPU
		{C411D7D4-7F9C-437E-A36D-022D30389B65}.Checked|Any CPU.ActiveCfg = Debug|Any CPU
		{C411D7D4-7F9C-437E-A36D-022D30389B65}.Checked|x64.ActiveCfg = Debug|Any CPU
		{C411D7D4-7F9C-437E-A36D-022D30389B65}.Checked|x86.ActiveCfg = Debug|Any CPU
		{2AD1A798-283D-43C4-B98D-86EBD3CF6645}.Debug|Any CPU.ActiveCfg = Debug|Any CPU
		{2AD1A798-283D-43C4-B98D-86EBD3CF6645}.Debug|Any CPU.Build.0 = Debug|Any CPU
		{2AD1A798-283D-43C4-B98D-86EBD3CF6645}.Debug|x64.ActiveCfg = Debug|Any CPU
		{2AD1A798-283D-43C4-B98D-86EBD3CF6645}.Debug|x64.Build.0 = Debug|Any CPU
		{2AD1A798-283D-43C4-B98D-86EBD3CF6645}.Debug|x86.ActiveCfg = Debug|Any CPU
		{2AD1A798-283D-43C4-B98D-86EBD3CF6645}.Debug|x86.Build.0 = Debug|Any CPU
		{2AD1A798-283D-43C4-B98D-86EBD3CF6645}.Release|Any CPU.ActiveCfg = Release|Any CPU
		{2AD1A798-283D-43C4-B98D-86EBD3CF6645}.Release|Any CPU.Build.0 = Release|Any CPU
		{2AD1A798-283D-43C4-B98D-86EBD3CF6645}.Release|x64.ActiveCfg = Release|Any CPU
		{2AD1A798-283D-43C4-B98D-86EBD3CF6645}.Release|x64.Build.0 = Release|Any CPU
		{2AD1A798-283D-43C4-B98D-86EBD3CF6645}.Release|x86.ActiveCfg = Release|Any CPU
		{2AD1A798-283D-43C4-B98D-86EBD3CF6645}.Release|x86.Build.0 = Release|Any CPU
		{2AD1A798-283D-43C4-B98D-86EBD3CF6645}.Checked|Any CPU.ActiveCfg = Debug|Any CPU
		{2AD1A798-283D-43C4-B98D-86EBD3CF6645}.Checked|x64.ActiveCfg = Debug|Any CPU
		{2AD1A798-283D-43C4-B98D-86EBD3CF6645}.Checked|x86.ActiveCfg = Debug|Any CPU
		{73F02292-25AF-4232-9EF4-3E8254A6A92F}.Debug|Any CPU.ActiveCfg = Debug|Any CPU
		{73F02292-25AF-4232-9EF4-3E8254A6A92F}.Debug|Any CPU.Build.0 = Debug|Any CPU
		{73F02292-25AF-4232-9EF4-3E8254A6A92F}.Debug|x64.ActiveCfg = Debug|Any CPU
		{73F02292-25AF-4232-9EF4-3E8254A6A92F}.Debug|x64.Build.0 = Debug|Any CPU
		{73F02292-25AF-4232-9EF4-3E8254A6A92F}.Debug|x86.ActiveCfg = Debug|Any CPU
		{73F02292-25AF-4232-9EF4-3E8254A6A92F}.Debug|x86.Build.0 = Debug|Any CPU
		{73F02292-25AF-4232-9EF4-3E8254A6A92F}.Release|Any CPU.ActiveCfg = Release|Any CPU
		{73F02292-25AF-4232-9EF4-3E8254A6A92F}.Release|Any CPU.Build.0 = Release|Any CPU
		{73F02292-25AF-4232-9EF4-3E8254A6A92F}.Release|x64.ActiveCfg = Release|Any CPU
		{73F02292-25AF-4232-9EF4-3E8254A6A92F}.Release|x64.Build.0 = Release|Any CPU
		{73F02292-25AF-4232-9EF4-3E8254A6A92F}.Release|x86.ActiveCfg = Release|Any CPU
		{73F02292-25AF-4232-9EF4-3E8254A6A92F}.Release|x86.Build.0 = Release|Any CPU
		{73F02292-25AF-4232-9EF4-3E8254A6A92F}.Checked|Any CPU.ActiveCfg = Debug|Any CPU
		{73F02292-25AF-4232-9EF4-3E8254A6A92F}.Checked|x64.ActiveCfg = Debug|Any CPU
		{73F02292-25AF-4232-9EF4-3E8254A6A92F}.Checked|x86.ActiveCfg = Debug|Any CPU
		{7A7EB655-E233-4824-BE13-34693F452D1E}.Debug|Any CPU.ActiveCfg = Debug|Any CPU
		{7A7EB655-E233-4824-BE13-34693F452D1E}.Debug|Any CPU.Build.0 = Debug|Any CPU
		{7A7EB655-E233-4824-BE13-34693F452D1E}.Debug|x64.ActiveCfg = Debug|Any CPU
		{7A7EB655-E233-4824-BE13-34693F452D1E}.Debug|x64.Build.0 = Debug|Any CPU
		{7A7EB655-E233-4824-BE13-34693F452D1E}.Debug|x86.ActiveCfg = Debug|Any CPU
		{7A7EB655-E233-4824-BE13-34693F452D1E}.Debug|x86.Build.0 = Debug|Any CPU
		{7A7EB655-E233-4824-BE13-34693F452D1E}.Release|Any CPU.ActiveCfg = Release|Any CPU
		{7A7EB655-E233-4824-BE13-34693F452D1E}.Release|Any CPU.Build.0 = Release|Any CPU
		{7A7EB655-E233-4824-BE13-34693F452D1E}.Release|x64.ActiveCfg = Release|Any CPU
		{7A7EB655-E233-4824-BE13-34693F452D1E}.Release|x64.Build.0 = Release|Any CPU
		{7A7EB655-E233-4824-BE13-34693F452D1E}.Release|x86.ActiveCfg = Release|Any CPU
		{7A7EB655-E233-4824-BE13-34693F452D1E}.Release|x86.Build.0 = Release|Any CPU
		{7A7EB655-E233-4824-BE13-34693F452D1E}.Checked|Any CPU.ActiveCfg = Debug|Any CPU
		{7A7EB655-E233-4824-BE13-34693F452D1E}.Checked|x64.ActiveCfg = Debug|Any CPU
		{7A7EB655-E233-4824-BE13-34693F452D1E}.Checked|x86.ActiveCfg = Debug|Any CPU
		{152966B3-6D3D-4318-B62D-224940A6B746}.Debug|Any CPU.ActiveCfg = Debug|x64
		{152966B3-6D3D-4318-B62D-224940A6B746}.Debug|Any CPU.Build.0 = Debug|x64
		{152966B3-6D3D-4318-B62D-224940A6B746}.Debug|x64.ActiveCfg = Debug|x64
		{152966B3-6D3D-4318-B62D-224940A6B746}.Debug|x64.Build.0 = Debug|x64
		{152966B3-6D3D-4318-B62D-224940A6B746}.Debug|x86.ActiveCfg = Debug|x86
		{152966B3-6D3D-4318-B62D-224940A6B746}.Debug|x86.Build.0 = Debug|x86
		{152966B3-6D3D-4318-B62D-224940A6B746}.Release|Any CPU.ActiveCfg = Release|x64
		{152966B3-6D3D-4318-B62D-224940A6B746}.Release|Any CPU.Build.0 = Release|x64
		{152966B3-6D3D-4318-B62D-224940A6B746}.Release|x64.ActiveCfg = Release|x64
		{152966B3-6D3D-4318-B62D-224940A6B746}.Release|x64.Build.0 = Release|x64
		{152966B3-6D3D-4318-B62D-224940A6B746}.Release|x86.ActiveCfg = Release|x86
		{152966B3-6D3D-4318-B62D-224940A6B746}.Release|x86.Build.0 = Release|x86
		{152966B3-6D3D-4318-B62D-224940A6B746}.Checked|Any CPU.ActiveCfg = Checked|x64
		{152966B3-6D3D-4318-B62D-224940A6B746}.Checked|Any CPU.Build.0 = Checked|x64
		{152966B3-6D3D-4318-B62D-224940A6B746}.Checked|x64.ActiveCfg = Checked|x64
		{152966B3-6D3D-4318-B62D-224940A6B746}.Checked|x64.Build.0 = Checked|x64
		{152966B3-6D3D-4318-B62D-224940A6B746}.Checked|x86.ActiveCfg = Checked|x86
		{152966B3-6D3D-4318-B62D-224940A6B746}.Checked|x86.Build.0 = Checked|x86
		{3ADF14C8-EE04-4353-9DAC-49C5D13C7CC3}.Debug|Any CPU.ActiveCfg = Debug|Any CPU
		{3ADF14C8-EE04-4353-9DAC-49C5D13C7CC3}.Debug|Any CPU.Build.0 = Debug|Any CPU
		{3ADF14C8-EE04-4353-9DAC-49C5D13C7CC3}.Debug|x64.ActiveCfg = Debug|Any CPU
		{3ADF14C8-EE04-4353-9DAC-49C5D13C7CC3}.Debug|x64.Build.0 = Debug|Any CPU
		{3ADF14C8-EE04-4353-9DAC-49C5D13C7CC3}.Debug|x86.ActiveCfg = Debug|Any CPU
		{3ADF14C8-EE04-4353-9DAC-49C5D13C7CC3}.Debug|x86.Build.0 = Debug|Any CPU
		{3ADF14C8-EE04-4353-9DAC-49C5D13C7CC3}.Release|Any CPU.ActiveCfg = Release|Any CPU
		{3ADF14C8-EE04-4353-9DAC-49C5D13C7CC3}.Release|Any CPU.Build.0 = Release|Any CPU
		{3ADF14C8-EE04-4353-9DAC-49C5D13C7CC3}.Release|x64.ActiveCfg = Release|Any CPU
		{3ADF14C8-EE04-4353-9DAC-49C5D13C7CC3}.Release|x64.Build.0 = Release|Any CPU
		{3ADF14C8-EE04-4353-9DAC-49C5D13C7CC3}.Release|x86.ActiveCfg = Release|Any CPU
		{3ADF14C8-EE04-4353-9DAC-49C5D13C7CC3}.Release|x86.Build.0 = Release|Any CPU
		{3ADF14C8-EE04-4353-9DAC-49C5D13C7CC3}.Checked|Any CPU.ActiveCfg = Debug|Any CPU
		{3ADF14C8-EE04-4353-9DAC-49C5D13C7CC3}.Checked|x64.ActiveCfg = Debug|Any CPU
		{3ADF14C8-EE04-4353-9DAC-49C5D13C7CC3}.Checked|x86.ActiveCfg = Debug|Any CPU
		{FD2E1F63-7B03-4220-8A94-262A11878B54}.Debug|Any CPU.ActiveCfg = Debug|Any CPU
		{FD2E1F63-7B03-4220-8A94-262A11878B54}.Debug|Any CPU.Build.0 = Debug|Any CPU
		{FD2E1F63-7B03-4220-8A94-262A11878B54}.Debug|x64.ActiveCfg = Debug|Any CPU
		{FD2E1F63-7B03-4220-8A94-262A11878B54}.Debug|x64.Build.0 = Debug|Any CPU
		{FD2E1F63-7B03-4220-8A94-262A11878B54}.Debug|x86.ActiveCfg = Debug|Any CPU
		{FD2E1F63-7B03-4220-8A94-262A11878B54}.Debug|x86.Build.0 = Debug|Any CPU
		{FD2E1F63-7B03-4220-8A94-262A11878B54}.Release|Any CPU.ActiveCfg = Release|Any CPU
		{FD2E1F63-7B03-4220-8A94-262A11878B54}.Release|Any CPU.Build.0 = Release|Any CPU
		{FD2E1F63-7B03-4220-8A94-262A11878B54}.Release|x64.ActiveCfg = Release|Any CPU
		{FD2E1F63-7B03-4220-8A94-262A11878B54}.Release|x64.Build.0 = Release|Any CPU
		{FD2E1F63-7B03-4220-8A94-262A11878B54}.Release|x86.ActiveCfg = Release|Any CPU
		{FD2E1F63-7B03-4220-8A94-262A11878B54}.Release|x86.Build.0 = Release|Any CPU
		{FD2E1F63-7B03-4220-8A94-262A11878B54}.Checked|Any CPU.ActiveCfg = Debug|Any CPU
		{FD2E1F63-7B03-4220-8A94-262A11878B54}.Checked|x64.ActiveCfg = Debug|Any CPU
		{FD2E1F63-7B03-4220-8A94-262A11878B54}.Checked|x86.ActiveCfg = Debug|Any CPU
		{0A8158E6-BD76-4F49-A2D8-A2CA63200F84}.Debug|Any CPU.ActiveCfg = Debug|Any CPU
		{0A8158E6-BD76-4F49-A2D8-A2CA63200F84}.Debug|Any CPU.Build.0 = Debug|Any CPU
		{0A8158E6-BD76-4F49-A2D8-A2CA63200F84}.Debug|x64.ActiveCfg = Debug|Any CPU
		{0A8158E6-BD76-4F49-A2D8-A2CA63200F84}.Debug|x64.Build.0 = Debug|Any CPU
		{0A8158E6-BD76-4F49-A2D8-A2CA63200F84}.Debug|x86.ActiveCfg = Debug|Any CPU
		{0A8158E6-BD76-4F49-A2D8-A2CA63200F84}.Debug|x86.Build.0 = Debug|Any CPU
		{0A8158E6-BD76-4F49-A2D8-A2CA63200F84}.Release|Any CPU.ActiveCfg = Release|Any CPU
		{0A8158E6-BD76-4F49-A2D8-A2CA63200F84}.Release|Any CPU.Build.0 = Release|Any CPU
		{0A8158E6-BD76-4F49-A2D8-A2CA63200F84}.Release|x64.ActiveCfg = Release|Any CPU
		{0A8158E6-BD76-4F49-A2D8-A2CA63200F84}.Release|x64.Build.0 = Release|Any CPU
		{0A8158E6-BD76-4F49-A2D8-A2CA63200F84}.Release|x86.ActiveCfg = Release|Any CPU
		{0A8158E6-BD76-4F49-A2D8-A2CA63200F84}.Release|x86.Build.0 = Release|Any CPU
		{0A8158E6-BD76-4F49-A2D8-A2CA63200F84}.Checked|Any CPU.ActiveCfg = Debug|Any CPU
		{0A8158E6-BD76-4F49-A2D8-A2CA63200F84}.Checked|x64.ActiveCfg = Debug|Any CPU
		{0A8158E6-BD76-4F49-A2D8-A2CA63200F84}.Checked|x86.ActiveCfg = Debug|Any CPU
		{AFC17385-4DE6-40FF-AEF9-F117B0F1C00B}.Debug|Any CPU.ActiveCfg = Debug|Any CPU
		{AFC17385-4DE6-40FF-AEF9-F117B0F1C00B}.Debug|Any CPU.Build.0 = Debug|Any CPU
		{AFC17385-4DE6-40FF-AEF9-F117B0F1C00B}.Debug|x64.ActiveCfg = Debug|Any CPU
		{AFC17385-4DE6-40FF-AEF9-F117B0F1C00B}.Debug|x64.Build.0 = Debug|Any CPU
		{AFC17385-4DE6-40FF-AEF9-F117B0F1C00B}.Debug|x86.ActiveCfg = Debug|Any CPU
		{AFC17385-4DE6-40FF-AEF9-F117B0F1C00B}.Debug|x86.Build.0 = Debug|Any CPU
		{AFC17385-4DE6-40FF-AEF9-F117B0F1C00B}.Release|Any CPU.ActiveCfg = Release|Any CPU
		{AFC17385-4DE6-40FF-AEF9-F117B0F1C00B}.Release|Any CPU.Build.0 = Release|Any CPU
		{AFC17385-4DE6-40FF-AEF9-F117B0F1C00B}.Release|x64.ActiveCfg = Release|Any CPU
		{AFC17385-4DE6-40FF-AEF9-F117B0F1C00B}.Release|x64.Build.0 = Release|Any CPU
		{AFC17385-4DE6-40FF-AEF9-F117B0F1C00B}.Release|x86.ActiveCfg = Release|Any CPU
		{AFC17385-4DE6-40FF-AEF9-F117B0F1C00B}.Release|x86.Build.0 = Release|Any CPU
		{AFC17385-4DE6-40FF-AEF9-F117B0F1C00B}.Checked|Any CPU.ActiveCfg = Debug|Any CPU
		{AFC17385-4DE6-40FF-AEF9-F117B0F1C00B}.Checked|x64.ActiveCfg = Debug|Any CPU
		{AFC17385-4DE6-40FF-AEF9-F117B0F1C00B}.Checked|x86.ActiveCfg = Debug|Any CPU
	EndGlobalSection
	GlobalSection(SolutionProperties) = preSolution
		HideSolutionNode = FALSE
	EndGlobalSection
	GlobalSection(NestedProjects) = preSolution
		{16C50BBF-58E6-46B0-99EC-89927A65557B} = {9DCA7CE6-D2EF-428B-A5BA-0EE30772D234}
		{A523F56C-3070-4FA4-A23A-0549FF3B7EC0} = {9DCA7CE6-D2EF-428B-A5BA-0EE30772D234}
		{CEC60C4B-43AC-403A-A36A-0A5F1FB08978} = {9DCA7CE6-D2EF-428B-A5BA-0EE30772D234}
		{2AD1A798-283D-43C4-B98D-86EBD3CF6645} = {9DCA7CE6-D2EF-428B-A5BA-0EE30772D234}
		{73F02292-25AF-4232-9EF4-3E8254A6A92F} = {9DCA7CE6-D2EF-428B-A5BA-0EE30772D234}
		{3ADF14C8-EE04-4353-9DAC-49C5D13C7CC3} = {9DCA7CE6-D2EF-428B-A5BA-0EE30772D234}
		{FD2E1F63-7B03-4220-8A94-262A11878B54} = {9DCA7CE6-D2EF-428B-A5BA-0EE30772D234}
		{AFC17385-4DE6-40FF-AEF9-F117B0F1C00B} = {9DCA7CE6-D2EF-428B-A5BA-0EE30772D234}
		{DE363A06-8C3D-4DDA-AD67-3B6C253E0424} = {27219A0F-9C20-415C-A0C3-DCAACEAAB864}
		{B93B5C05-FB28-4173-8786-57B42CFE38F3} = {27219A0F-9C20-415C-A0C3-DCAACEAAB864}
		{5C0A720D-EF35-4403-B246-89AFBFC6C7AF} = {D3E00EB8-C18C-4976-B017-C73D85E50509}
		{FACDBC9F-E46C-466C-97C5-231E0B3D5F67} = {D3E00EB8-C18C-4976-B017-C73D85E50509}
		{00F48AD2-CCF6-4F52-A63E-AC2D00574375} = {D3E00EB8-C18C-4976-B017-C73D85E50509}
		{C411D7D4-7F9C-437E-A36D-022D30389B65} = {D3E00EB8-C18C-4976-B017-C73D85E50509}
		{7A7EB655-E233-4824-BE13-34693F452D1E} = {D3E00EB8-C18C-4976-B017-C73D85E50509}
		{152966B3-6D3D-4318-B62D-224940A6B746} = {D3E00EB8-C18C-4976-B017-C73D85E50509}
		{0A8158E6-BD76-4F49-A2D8-A2CA63200F84} = {D3E00EB8-C18C-4976-B017-C73D85E50509}
	EndGlobalSection
	GlobalSection(ExtensibilityGlobals) = postSolution
		SolutionGuid = {76F63057-5429-4500-BF4F-16E66362192D}
	EndGlobalSection
EndGlobal
