Microsoft Visual Studio Solution File, Format Version 12.00
Project("{9A19103F-16F7-4668-BE54-9A1E7A4F7556}") = "TestUtilities", "..\Common\tests\TestUtilities\TestUtilities.csproj", "{39205290-06C5-468E-B5C9-D9C5737909EE}"
EndProject
Project("{9A19103F-16F7-4668-BE54-9A1E7A4F7556}") = "Microsoft.Win32.Registry", "..\Microsoft.Win32.Registry\ref\Microsoft.Win32.Registry.csproj", "{33287638-54E4-4929-AEF4-91C5D1437118}"
EndProject
Project("{9A19103F-16F7-4668-BE54-9A1E7A4F7556}") = "Microsoft.Win32.SystemEvents", "..\Microsoft.Win32.SystemEvents\ref\Microsoft.Win32.SystemEvents.csproj", "{D38394CE-5EEA-4B06-A2C5-EAA8BF04E8AB}"
EndProject
Project("{9A19103F-16F7-4668-BE54-9A1E7A4F7556}") = "Microsoft.Win32.SystemEvents", "..\Microsoft.Win32.SystemEvents\src\Microsoft.Win32.SystemEvents.csproj", "{CE77C53C-CB16-487B-9ABE-6A62BC4BAE67}"
EndProject
Project("{9A19103F-16F7-4668-BE54-9A1E7A4F7556}") = "System.Drawing.Primitives", "ref\System.Drawing.Primitives.csproj", "{D2E753F4-34A3-4641-9C0F-53539147CCF2}"
EndProject
Project("{9A19103F-16F7-4668-BE54-9A1E7A4F7556}") = "System.Drawing.Primitives", "src\System.Drawing.Primitives.csproj", "{80A68643-0E37-4525-BF06-F50C3BF7B867}"
EndProject
Project("{9A19103F-16F7-4668-BE54-9A1E7A4F7556}") = "System.Drawing.Primitives.Tests", "tests\System.Drawing.Primitives.Tests.csproj", "{515B6C1E-757F-497E-9707-37B5822FFC9A}"
EndProject
Project("{9A19103F-16F7-4668-BE54-9A1E7A4F7556}") = "System.Runtime.CompilerServices.Unsafe", "..\System.Runtime.CompilerServices.Unsafe\ref\System.Runtime.CompilerServices.Unsafe.csproj", "{CE015CAB-D2C5-4525-B2E5-1020BADB211A}"
EndProject
Project("{9A19103F-16F7-4668-BE54-9A1E7A4F7556}") = "System.Runtime.CompilerServices.Unsafe", "..\System.Runtime.CompilerServices.Unsafe\src\System.Runtime.CompilerServices.Unsafe.ilproj", "{4698E870-A129-44D0-A890-98BAB02ECE0C}"
EndProject
Project("{9A19103F-16F7-4668-BE54-9A1E7A4F7556}") = "System.Security.AccessControl", "..\System.Security.AccessControl\ref\System.Security.AccessControl.csproj", "{9E7CE42D-F172-404E-90B6-706AEEA2F786}"
EndProject
Project("{9A19103F-16F7-4668-BE54-9A1E7A4F7556}") = "System.Security.Principal.Windows", "..\System.Security.Principal.Windows\ref\System.Security.Principal.Windows.csproj", "{A3C3610E-58F1-4ABB-9CDB-F7F6814E16CC}"
EndProject
Project("{2150E333-8FDC-42A3-9474-1A3956D46DE8}") = "src", "src", "{479BF4F6-23A9-4DFE-A769-90D5E65CB4F2}"
EndProject
Project("{2150E333-8FDC-42A3-9474-1A3956D46DE8}") = "ref", "ref", "{550043C6-E3DF-4171-9D3A-6AD5520841B0}"
EndProject
Project("{2150E333-8FDC-42A3-9474-1A3956D46DE8}") = "tests", "tests", "{8C661C0A-AE5D-49D6-A602-FE6B8C73CBB3}"
EndProject
Global
	GlobalSection(SolutionConfigurationPlatforms) = preSolution
		Debug|Any CPU = Debug|Any CPU
		Release|Any CPU = Release|Any CPU
	EndGlobalSection
	GlobalSection(ProjectConfigurationPlatforms) = postSolution
		{80A68643-0E37-4525-BF06-F50C3BF7B867}.Debug|Any CPU.ActiveCfg = Debug|Any CPU
		{80A68643-0E37-4525-BF06-F50C3BF7B867}.Debug|Any CPU.Build.0 = Debug|Any CPU
		{80A68643-0E37-4525-BF06-F50C3BF7B867}.Release|Any CPU.ActiveCfg = Release|Any CPU
		{80A68643-0E37-4525-BF06-F50C3BF7B867}.Release|Any CPU.Build.0 = Release|Any CPU
		{D2E753F4-34A3-4641-9C0F-53539147CCF2}.Debug|Any CPU.ActiveCfg = Debug|Any CPU
		{D2E753F4-34A3-4641-9C0F-53539147CCF2}.Debug|Any CPU.Build.0 = Debug|Any CPU
		{D2E753F4-34A3-4641-9C0F-53539147CCF2}.Release|Any CPU.ActiveCfg = Release|Any CPU
		{D2E753F4-34A3-4641-9C0F-53539147CCF2}.Release|Any CPU.Build.0 = Release|Any CPU
		{515B6C1E-757F-497E-9707-37B5822FFC9A}.Debug|Any CPU.ActiveCfg = Debug|Any CPU
		{515B6C1E-757F-497E-9707-37B5822FFC9A}.Debug|Any CPU.Build.0 = Debug|Any CPU
		{515B6C1E-757F-497E-9707-37B5822FFC9A}.Release|Any CPU.ActiveCfg = Release|Any CPU
		{515B6C1E-757F-497E-9707-37B5822FFC9A}.Release|Any CPU.Build.0 = Release|Any CPU
		{CE77C53C-CB16-487B-9ABE-6A62BC4BAE67}.Debug|Any CPU.ActiveCfg = Debug|Any CPU
		{CE77C53C-CB16-487B-9ABE-6A62BC4BAE67}.Debug|Any CPU.Build.0 = Debug|Any CPU
		{CE77C53C-CB16-487B-9ABE-6A62BC4BAE67}.Release|Any CPU.ActiveCfg = Release|Any CPU
		{CE77C53C-CB16-487B-9ABE-6A62BC4BAE67}.Release|Any CPU.Build.0 = Release|Any CPU
		{39205290-06C5-468E-B5C9-D9C5737909EE}.Debug|Any CPU.ActiveCfg = Debug|Any CPU
		{39205290-06C5-468E-B5C9-D9C5737909EE}.Debug|Any CPU.Build.0 = Debug|Any CPU
		{39205290-06C5-468E-B5C9-D9C5737909EE}.Release|Any CPU.ActiveCfg = Release|Any CPU
		{39205290-06C5-468E-B5C9-D9C5737909EE}.Release|Any CPU.Build.0 = Release|Any CPU
		{D38394CE-5EEA-4B06-A2C5-EAA8BF04E8AB}.Debug|Any CPU.ActiveCfg = Debug|Any CPU
		{D38394CE-5EEA-4B06-A2C5-EAA8BF04E8AB}.Debug|Any CPU.Build.0 = Debug|Any CPU
		{D38394CE-5EEA-4B06-A2C5-EAA8BF04E8AB}.Release|Any CPU.ActiveCfg = Release|Any CPU
		{D38394CE-5EEA-4B06-A2C5-EAA8BF04E8AB}.Release|Any CPU.Build.0 = Release|Any CPU
		{33287638-54E4-4929-AEF4-91C5D1437118}.Debug|Any CPU.ActiveCfg = Debug|Any CPU
		{33287638-54E4-4929-AEF4-91C5D1437118}.Debug|Any CPU.Build.0 = Debug|Any CPU
		{33287638-54E4-4929-AEF4-91C5D1437118}.Release|Any CPU.ActiveCfg = Release|Any CPU
		{33287638-54E4-4929-AEF4-91C5D1437118}.Release|Any CPU.Build.0 = Release|Any CPU
		{4698E870-A129-44D0-A890-98BAB02ECE0C}.Debug|Any CPU.ActiveCfg = Debug|Any CPU
		{4698E870-A129-44D0-A890-98BAB02ECE0C}.Debug|Any CPU.Build.0 = Debug|Any CPU
		{4698E870-A129-44D0-A890-98BAB02ECE0C}.Release|Any CPU.ActiveCfg = Release|Any CPU
		{4698E870-A129-44D0-A890-98BAB02ECE0C}.Release|Any CPU.Build.0 = Release|Any CPU
		{A3C3610E-58F1-4ABB-9CDB-F7F6814E16CC}.Debug|Any CPU.ActiveCfg = Debug|Any CPU
		{A3C3610E-58F1-4ABB-9CDB-F7F6814E16CC}.Debug|Any CPU.Build.0 = Debug|Any CPU
		{A3C3610E-58F1-4ABB-9CDB-F7F6814E16CC}.Release|Any CPU.ActiveCfg = Release|Any CPU
		{A3C3610E-58F1-4ABB-9CDB-F7F6814E16CC}.Release|Any CPU.Build.0 = Release|Any CPU
		{9E7CE42D-F172-404E-90B6-706AEEA2F786}.Debug|Any CPU.ActiveCfg = Debug|Any CPU
		{9E7CE42D-F172-404E-90B6-706AEEA2F786}.Debug|Any CPU.Build.0 = Debug|Any CPU
		{9E7CE42D-F172-404E-90B6-706AEEA2F786}.Release|Any CPU.ActiveCfg = Release|Any CPU
		{9E7CE42D-F172-404E-90B6-706AEEA2F786}.Release|Any CPU.Build.0 = Release|Any CPU
		{CE015CAB-D2C5-4525-B2E5-1020BADB211A}.Debug|Any CPU.ActiveCfg = Debug|Any CPU
		{CE015CAB-D2C5-4525-B2E5-1020BADB211A}.Debug|Any CPU.Build.0 = Debug|Any CPU
		{CE015CAB-D2C5-4525-B2E5-1020BADB211A}.Release|Any CPU.ActiveCfg = Release|Any CPU
		{CE015CAB-D2C5-4525-B2E5-1020BADB211A}.Release|Any CPU.Build.0 = Release|Any CPU
	EndGlobalSection
	GlobalSection(SolutionProperties) = preSolution
		HideSolutionNode = FALSE
	EndGlobalSection
	GlobalSection(NestedProjects) = preSolution
		{80A68643-0E37-4525-BF06-F50C3BF7B867} = {479BF4F6-23A9-4DFE-A769-90D5E65CB4F2}
		{CE77C53C-CB16-487B-9ABE-6A62BC4BAE67} = {479BF4F6-23A9-4DFE-A769-90D5E65CB4F2}
		{4698E870-A129-44D0-A890-98BAB02ECE0C} = {479BF4F6-23A9-4DFE-A769-90D5E65CB4F2}
		{D2E753F4-34A3-4641-9C0F-53539147CCF2} = {550043C6-E3DF-4171-9D3A-6AD5520841B0}
		{D38394CE-5EEA-4B06-A2C5-EAA8BF04E8AB} = {550043C6-E3DF-4171-9D3A-6AD5520841B0}
		{33287638-54E4-4929-AEF4-91C5D1437118} = {550043C6-E3DF-4171-9D3A-6AD5520841B0}
		{A3C3610E-58F1-4ABB-9CDB-F7F6814E16CC} = {550043C6-E3DF-4171-9D3A-6AD5520841B0}
		{9E7CE42D-F172-404E-90B6-706AEEA2F786} = {550043C6-E3DF-4171-9D3A-6AD5520841B0}
		{CE015CAB-D2C5-4525-B2E5-1020BADB211A} = {550043C6-E3DF-4171-9D3A-6AD5520841B0}
		{515B6C1E-757F-497E-9707-37B5822FFC9A} = {8C661C0A-AE5D-49D6-A602-FE6B8C73CBB3}
		{39205290-06C5-468E-B5C9-D9C5737909EE} = {8C661C0A-AE5D-49D6-A602-FE6B8C73CBB3}
	EndGlobalSection
	GlobalSection(ExtensibilityGlobals) = postSolution
		SolutionGuid = {E2DD25F1-FA29-41D5-AB37-65DDC6A49304}
	EndGlobalSection
EndGlobal
