Microsoft Visual Studio Solution File, Format Version 12.00
Project("{9A19103F-16F7-4668-BE54-9A1E7A4F7556}") = "System.Private.CoreLib", "..\..\coreclr\System.Private.CoreLib\System.Private.CoreLib.csproj", "{4385739F-14A1-4F21-96E3-12EA90580575}"
EndProject
Project("{9A19103F-16F7-4668-BE54-9A1E7A4F7556}") = "TestUtilities", "..\Common\tests\TestUtilities\TestUtilities.csproj", "{38D8F258-655E-459B-B2CE-0DED144AFBF7}"
EndProject
Project("{9A19103F-16F7-4668-BE54-9A1E7A4F7556}") = "Microsoft.Win32.Registry", "..\Microsoft.Win32.Registry\ref\Microsoft.Win32.Registry.csproj", "{0B74A606-CA5C-41BD-BF11-06313111C467}"
EndProject
Project("{9A19103F-16F7-4668-BE54-9A1E7A4F7556}") = "System.Collections", "ref\System.Collections.csproj", "{77E9C47D-4AC4-4402-8613-40DF427174BD}"
EndProject
Project("{9A19103F-16F7-4668-BE54-9A1E7A4F7556}") = "System.Collections", "src\System.Collections.csproj", "{DF501250-4105-4F79-A508-90B3A13A975A}"
EndProject
Project("{9A19103F-16F7-4668-BE54-9A1E7A4F7556}") = "System.Collections.Tests", "tests\System.Collections.Tests.csproj", "{BB54ED9D-FF71-4D91-B7C0-984AB0976798}"
EndProject
Project("{9A19103F-16F7-4668-BE54-9A1E7A4F7556}") = "System.Private.CoreLib.Generators", "..\System.Private.CoreLib\generators\System.Private.CoreLib.Generators.csproj", "{F7B8B93E-7BBC-4DE9-BFB1-C07E13876758}"
EndProject
Project("{9A19103F-16F7-4668-BE54-9A1E7A4F7556}") = "System.Runtime.CompilerServices.Unsafe", "..\System.Runtime.CompilerServices.Unsafe\ref\System.Runtime.CompilerServices.Unsafe.csproj", "{0582BADC-0A09-4DF7-8D8A-9B6763FBE9F3}"
EndProject
Project("{9A19103F-16F7-4668-BE54-9A1E7A4F7556}") = "System.Runtime.CompilerServices.Unsafe", "..\System.Runtime.CompilerServices.Unsafe\src\System.Runtime.CompilerServices.Unsafe.ilproj", "{39FCF17F-5CBD-4BF1-BDEF-37F5BA3EE4F6}"
EndProject
Project("{9A19103F-16F7-4668-BE54-9A1E7A4F7556}") = "System.Security.AccessControl", "..\System.Security.AccessControl\ref\System.Security.AccessControl.csproj", "{2BB60758-1685-4FA8-B11E-75627B29F66A}"
EndProject
Project("{9A19103F-16F7-4668-BE54-9A1E7A4F7556}") = "System.Security.Principal.Windows", "..\System.Security.Principal.Windows\ref\System.Security.Principal.Windows.csproj", "{EE6AF63D-8705-487B-959B-49FC2D499468}"
EndProject
Project("{2150E333-8FDC-42A3-9474-1A3956D46DE8}") = "ref", "ref", "{82B73074-F6E2-4F70-B57F-42E8C33B7703}"
EndProject
Project("{2150E333-8FDC-42A3-9474-1A3956D46DE8}") = "tests", "tests", "{EB7DBE00-D1FC-4E45-A523-26956A5D191E}"
EndProject
Project("{2150E333-8FDC-42A3-9474-1A3956D46DE8}") = "src", "src", "{3B776913-63BC-4499-9A30-162617510891}"
EndProject
Global
	GlobalSection(SolutionConfigurationPlatforms) = preSolution
		Debug|Any CPU = Debug|Any CPU
		Debug|x64 = Debug|x64
		Debug|x86 = Debug|x86
		Release|Any CPU = Release|Any CPU
		Release|x64 = Release|x64
		Release|x86 = Release|x86
		Checked|Any CPU = Checked|Any CPU
		Checked|x64 = Checked|x64
		Checked|x86 = Checked|x86
	EndGlobalSection
	GlobalSection(ProjectConfigurationPlatforms) = postSolution
		{77E9C47D-4AC4-4402-8613-40DF427174BD}.Debug|Any CPU.ActiveCfg = Debug|Any CPU
		{77E9C47D-4AC4-4402-8613-40DF427174BD}.Debug|Any CPU.Build.0 = Debug|Any CPU
		{77E9C47D-4AC4-4402-8613-40DF427174BD}.Debug|x64.ActiveCfg = Debug|Any CPU
		{77E9C47D-4AC4-4402-8613-40DF427174BD}.Debug|x64.Build.0 = Debug|Any CPU
		{77E9C47D-4AC4-4402-8613-40DF427174BD}.Debug|x86.ActiveCfg = Debug|Any CPU
		{77E9C47D-4AC4-4402-8613-40DF427174BD}.Debug|x86.Build.0 = Debug|Any CPU
		{77E9C47D-4AC4-4402-8613-40DF427174BD}.Release|Any CPU.ActiveCfg = Release|Any CPU
		{77E9C47D-4AC4-4402-8613-40DF427174BD}.Release|Any CPU.Build.0 = Release|Any CPU
		{77E9C47D-4AC4-4402-8613-40DF427174BD}.Release|x64.ActiveCfg = Release|Any CPU
		{77E9C47D-4AC4-4402-8613-40DF427174BD}.Release|x64.Build.0 = Release|Any CPU
		{77E9C47D-4AC4-4402-8613-40DF427174BD}.Release|x86.ActiveCfg = Release|Any CPU
		{77E9C47D-4AC4-4402-8613-40DF427174BD}.Release|x86.Build.0 = Release|Any CPU
		{77E9C47D-4AC4-4402-8613-40DF427174BD}.Checked|Any CPU.ActiveCfg = Debug|Any CPU
		{77E9C47D-4AC4-4402-8613-40DF427174BD}.Checked|x64.ActiveCfg = Debug|Any CPU
		{77E9C47D-4AC4-4402-8613-40DF427174BD}.Checked|x86.ActiveCfg = Debug|Any CPU
		{BB54ED9D-FF71-4D91-B7C0-984AB0976798}.Debug|Any CPU.ActiveCfg = Debug|Any CPU
		{BB54ED9D-FF71-4D91-B7C0-984AB0976798}.Debug|Any CPU.Build.0 = Debug|Any CPU
		{BB54ED9D-FF71-4D91-B7C0-984AB0976798}.Debug|x64.ActiveCfg = Debug|Any CPU
		{BB54ED9D-FF71-4D91-B7C0-984AB0976798}.Debug|x64.Build.0 = Debug|Any CPU
		{BB54ED9D-FF71-4D91-B7C0-984AB0976798}.Debug|x86.ActiveCfg = Debug|Any CPU
		{BB54ED9D-FF71-4D91-B7C0-984AB0976798}.Debug|x86.Build.0 = Debug|Any CPU
		{BB54ED9D-FF71-4D91-B7C0-984AB0976798}.Release|Any CPU.ActiveCfg = Release|Any CPU
		{BB54ED9D-FF71-4D91-B7C0-984AB0976798}.Release|Any CPU.Build.0 = Release|Any CPU
		{BB54ED9D-FF71-4D91-B7C0-984AB0976798}.Release|x64.ActiveCfg = Release|Any CPU
		{BB54ED9D-FF71-4D91-B7C0-984AB0976798}.Release|x64.Build.0 = Release|Any CPU
		{BB54ED9D-FF71-4D91-B7C0-984AB0976798}.Release|x86.ActiveCfg = Release|Any CPU
		{BB54ED9D-FF71-4D91-B7C0-984AB0976798}.Release|x86.Build.0 = Release|Any CPU
		{BB54ED9D-FF71-4D91-B7C0-984AB0976798}.Checked|Any CPU.ActiveCfg = Debug|Any CPU
		{BB54ED9D-FF71-4D91-B7C0-984AB0976798}.Checked|x64.ActiveCfg = Debug|Any CPU
		{BB54ED9D-FF71-4D91-B7C0-984AB0976798}.Checked|x86.ActiveCfg = Debug|Any CPU
		{DF501250-4105-4F79-A508-90B3A13A975A}.Debug|Any CPU.ActiveCfg = Debug|Any CPU
		{DF501250-4105-4F79-A508-90B3A13A975A}.Debug|Any CPU.Build.0 = Debug|Any CPU
		{DF501250-4105-4F79-A508-90B3A13A975A}.Debug|x64.ActiveCfg = Debug|Any CPU
		{DF501250-4105-4F79-A508-90B3A13A975A}.Debug|x64.Build.0 = Debug|Any CPU
		{DF501250-4105-4F79-A508-90B3A13A975A}.Debug|x86.ActiveCfg = Debug|Any CPU
		{DF501250-4105-4F79-A508-90B3A13A975A}.Debug|x86.Build.0 = Debug|Any CPU
		{DF501250-4105-4F79-A508-90B3A13A975A}.Release|Any CPU.ActiveCfg = Release|Any CPU
		{DF501250-4105-4F79-A508-90B3A13A975A}.Release|Any CPU.Build.0 = Release|Any CPU
		{DF501250-4105-4F79-A508-90B3A13A975A}.Release|x64.ActiveCfg = Release|Any CPU
		{DF501250-4105-4F79-A508-90B3A13A975A}.Release|x64.Build.0 = Release|Any CPU
		{DF501250-4105-4F79-A508-90B3A13A975A}.Release|x86.ActiveCfg = Release|Any CPU
		{DF501250-4105-4F79-A508-90B3A13A975A}.Release|x86.Build.0 = Release|Any CPU
		{DF501250-4105-4F79-A508-90B3A13A975A}.Checked|Any CPU.ActiveCfg = Debug|Any CPU
		{DF501250-4105-4F79-A508-90B3A13A975A}.Checked|x64.ActiveCfg = Debug|Any CPU
		{DF501250-4105-4F79-A508-90B3A13A975A}.Checked|x86.ActiveCfg = Debug|Any CPU
		{38D8F258-655E-459B-B2CE-0DED144AFBF7}.Debug|Any CPU.ActiveCfg = Debug|Any CPU
		{38D8F258-655E-459B-B2CE-0DED144AFBF7}.Debug|Any CPU.Build.0 = Debug|Any CPU
		{38D8F258-655E-459B-B2CE-0DED144AFBF7}.Debug|x64.ActiveCfg = Debug|Any CPU
		{38D8F258-655E-459B-B2CE-0DED144AFBF7}.Debug|x64.Build.0 = Debug|Any CPU
		{38D8F258-655E-459B-B2CE-0DED144AFBF7}.Debug|x86.ActiveCfg = Debug|Any CPU
		{38D8F258-655E-459B-B2CE-0DED144AFBF7}.Debug|x86.Build.0 = Debug|Any CPU
		{38D8F258-655E-459B-B2CE-0DED144AFBF7}.Release|Any CPU.ActiveCfg = Release|Any CPU
		{38D8F258-655E-459B-B2CE-0DED144AFBF7}.Release|Any CPU.Build.0 = Release|Any CPU
		{38D8F258-655E-459B-B2CE-0DED144AFBF7}.Release|x64.ActiveCfg = Release|Any CPU
		{38D8F258-655E-459B-B2CE-0DED144AFBF7}.Release|x64.Build.0 = Release|Any CPU
		{38D8F258-655E-459B-B2CE-0DED144AFBF7}.Release|x86.ActiveCfg = Release|Any CPU
		{38D8F258-655E-459B-B2CE-0DED144AFBF7}.Release|x86.Build.0 = Release|Any CPU
		{38D8F258-655E-459B-B2CE-0DED144AFBF7}.Checked|Any CPU.ActiveCfg = Debug|Any CPU
		{38D8F258-655E-459B-B2CE-0DED144AFBF7}.Checked|x64.ActiveCfg = Debug|Any CPU
		{38D8F258-655E-459B-B2CE-0DED144AFBF7}.Checked|x86.ActiveCfg = Debug|Any CPU
		{EE6AF63D-8705-487B-959B-49FC2D499468}.Debug|Any CPU.ActiveCfg = Debug|Any CPU
		{EE6AF63D-8705-487B-959B-49FC2D499468}.Debug|Any CPU.Build.0 = Debug|Any CPU
		{EE6AF63D-8705-487B-959B-49FC2D499468}.Debug|x64.ActiveCfg = Debug|Any CPU
		{EE6AF63D-8705-487B-959B-49FC2D499468}.Debug|x64.Build.0 = Debug|Any CPU
		{EE6AF63D-8705-487B-959B-49FC2D499468}.Debug|x86.ActiveCfg = Debug|Any CPU
		{EE6AF63D-8705-487B-959B-49FC2D499468}.Debug|x86.Build.0 = Debug|Any CPU
		{EE6AF63D-8705-487B-959B-49FC2D499468}.Release|Any CPU.ActiveCfg = Release|Any CPU
		{EE6AF63D-8705-487B-959B-49FC2D499468}.Release|Any CPU.Build.0 = Release|Any CPU
		{EE6AF63D-8705-487B-959B-49FC2D499468}.Release|x64.ActiveCfg = Release|Any CPU
		{EE6AF63D-8705-487B-959B-49FC2D499468}.Release|x64.Build.0 = Release|Any CPU
		{EE6AF63D-8705-487B-959B-49FC2D499468}.Release|x86.ActiveCfg = Release|Any CPU
		{EE6AF63D-8705-487B-959B-49FC2D499468}.Release|x86.Build.0 = Release|Any CPU
		{EE6AF63D-8705-487B-959B-49FC2D499468}.Checked|Any CPU.ActiveCfg = Debug|Any CPU
		{EE6AF63D-8705-487B-959B-49FC2D499468}.Checked|x64.ActiveCfg = Debug|Any CPU
		{EE6AF63D-8705-487B-959B-49FC2D499468}.Checked|x86.ActiveCfg = Debug|Any CPU
		{0B74A606-CA5C-41BD-BF11-06313111C467}.Debug|Any CPU.ActiveCfg = Debug|Any CPU
		{0B74A606-CA5C-41BD-BF11-06313111C467}.Debug|Any CPU.Build.0 = Debug|Any CPU
		{0B74A606-CA5C-41BD-BF11-06313111C467}.Debug|x64.ActiveCfg = Debug|Any CPU
		{0B74A606-CA5C-41BD-BF11-06313111C467}.Debug|x64.Build.0 = Debug|Any CPU
		{0B74A606-CA5C-41BD-BF11-06313111C467}.Debug|x86.ActiveCfg = Debug|Any CPU
		{0B74A606-CA5C-41BD-BF11-06313111C467}.Debug|x86.Build.0 = Debug|Any CPU
		{0B74A606-CA5C-41BD-BF11-06313111C467}.Release|Any CPU.ActiveCfg = Release|Any CPU
		{0B74A606-CA5C-41BD-BF11-06313111C467}.Release|Any CPU.Build.0 = Release|Any CPU
		{0B74A606-CA5C-41BD-BF11-06313111C467}.Release|x64.ActiveCfg = Release|Any CPU
		{0B74A606-CA5C-41BD-BF11-06313111C467}.Release|x64.Build.0 = Release|Any CPU
		{0B74A606-CA5C-41BD-BF11-06313111C467}.Release|x86.ActiveCfg = Release|Any CPU
		{0B74A606-CA5C-41BD-BF11-06313111C467}.Release|x86.Build.0 = Release|Any CPU
		{0B74A606-CA5C-41BD-BF11-06313111C467}.Checked|Any CPU.ActiveCfg = Debug|Any CPU
		{0B74A606-CA5C-41BD-BF11-06313111C467}.Checked|x64.ActiveCfg = Debug|Any CPU
		{0B74A606-CA5C-41BD-BF11-06313111C467}.Checked|x86.ActiveCfg = Debug|Any CPU
		{4385739F-14A1-4F21-96E3-12EA90580575}.Debug|Any CPU.ActiveCfg = Debug|x64
		{4385739F-14A1-4F21-96E3-12EA90580575}.Debug|Any CPU.Build.0 = Debug|x64
		{4385739F-14A1-4F21-96E3-12EA90580575}.Debug|x64.ActiveCfg = Debug|x64
		{4385739F-14A1-4F21-96E3-12EA90580575}.Debug|x64.Build.0 = Debug|x64
		{4385739F-14A1-4F21-96E3-12EA90580575}.Debug|x86.ActiveCfg = Debug|x86
		{4385739F-14A1-4F21-96E3-12EA90580575}.Debug|x86.Build.0 = Debug|x86
		{4385739F-14A1-4F21-96E3-12EA90580575}.Release|Any CPU.ActiveCfg = Release|x64
		{4385739F-14A1-4F21-96E3-12EA90580575}.Release|Any CPU.Build.0 = Release|x64
		{4385739F-14A1-4F21-96E3-12EA90580575}.Release|x64.ActiveCfg = Release|x64
		{4385739F-14A1-4F21-96E3-12EA90580575}.Release|x64.Build.0 = Release|x64
		{4385739F-14A1-4F21-96E3-12EA90580575}.Release|x86.ActiveCfg = Release|x86
		{4385739F-14A1-4F21-96E3-12EA90580575}.Release|x86.Build.0 = Release|x86
		{4385739F-14A1-4F21-96E3-12EA90580575}.Checked|Any CPU.ActiveCfg = Checked|x64
		{4385739F-14A1-4F21-96E3-12EA90580575}.Checked|Any CPU.Build.0 = Checked|x64
		{4385739F-14A1-4F21-96E3-12EA90580575}.Checked|x64.ActiveCfg = Checked|x64
		{4385739F-14A1-4F21-96E3-12EA90580575}.Checked|x64.Build.0 = Checked|x64
		{4385739F-14A1-4F21-96E3-12EA90580575}.Checked|x86.ActiveCfg = Checked|x86
		{4385739F-14A1-4F21-96E3-12EA90580575}.Checked|x86.Build.0 = Checked|x86
		{39FCF17F-5CBD-4BF1-BDEF-37F5BA3EE4F6}.Debug|Any CPU.ActiveCfg = Debug|Any CPU
		{39FCF17F-5CBD-4BF1-BDEF-37F5BA3EE4F6}.Debug|Any CPU.Build.0 = Debug|Any CPU
		{39FCF17F-5CBD-4BF1-BDEF-37F5BA3EE4F6}.Debug|x64.ActiveCfg = Debug|Any CPU
		{39FCF17F-5CBD-4BF1-BDEF-37F5BA3EE4F6}.Debug|x64.Build.0 = Debug|Any CPU
		{39FCF17F-5CBD-4BF1-BDEF-37F5BA3EE4F6}.Debug|x86.ActiveCfg = Debug|Any CPU
		{39FCF17F-5CBD-4BF1-BDEF-37F5BA3EE4F6}.Debug|x86.Build.0 = Debug|Any CPU
		{39FCF17F-5CBD-4BF1-BDEF-37F5BA3EE4F6}.Release|Any CPU.ActiveCfg = Release|Any CPU
		{39FCF17F-5CBD-4BF1-BDEF-37F5BA3EE4F6}.Release|Any CPU.Build.0 = Release|Any CPU
		{39FCF17F-5CBD-4BF1-BDEF-37F5BA3EE4F6}.Release|x64.ActiveCfg = Release|Any CPU
		{39FCF17F-5CBD-4BF1-BDEF-37F5BA3EE4F6}.Release|x64.Build.0 = Release|Any CPU
		{39FCF17F-5CBD-4BF1-BDEF-37F5BA3EE4F6}.Release|x86.ActiveCfg = Release|Any CPU
		{39FCF17F-5CBD-4BF1-BDEF-37F5BA3EE4F6}.Release|x86.Build.0 = Release|Any CPU
		{39FCF17F-5CBD-4BF1-BDEF-37F5BA3EE4F6}.Checked|Any CPU.ActiveCfg = Debug|Any CPU
		{39FCF17F-5CBD-4BF1-BDEF-37F5BA3EE4F6}.Checked|x64.ActiveCfg = Debug|Any CPU
		{39FCF17F-5CBD-4BF1-BDEF-37F5BA3EE4F6}.Checked|x86.ActiveCfg = Debug|Any CPU
		{2BB60758-1685-4FA8-B11E-75627B29F66A}.Debug|Any CPU.ActiveCfg = Debug|Any CPU
		{2BB60758-1685-4FA8-B11E-75627B29F66A}.Debug|Any CPU.Build.0 = Debug|Any CPU
		{2BB60758-1685-4FA8-B11E-75627B29F66A}.Debug|x64.ActiveCfg = Debug|Any CPU
		{2BB60758-1685-4FA8-B11E-75627B29F66A}.Debug|x64.Build.0 = Debug|Any CPU
		{2BB60758-1685-4FA8-B11E-75627B29F66A}.Debug|x86.ActiveCfg = Debug|Any CPU
		{2BB60758-1685-4FA8-B11E-75627B29F66A}.Debug|x86.Build.0 = Debug|Any CPU
		{2BB60758-1685-4FA8-B11E-75627B29F66A}.Release|Any CPU.ActiveCfg = Release|Any CPU
		{2BB60758-1685-4FA8-B11E-75627B29F66A}.Release|Any CPU.Build.0 = Release|Any CPU
		{2BB60758-1685-4FA8-B11E-75627B29F66A}.Release|x64.ActiveCfg = Release|Any CPU
		{2BB60758-1685-4FA8-B11E-75627B29F66A}.Release|x64.Build.0 = Release|Any CPU
		{2BB60758-1685-4FA8-B11E-75627B29F66A}.Release|x86.ActiveCfg = Release|Any CPU
		{2BB60758-1685-4FA8-B11E-75627B29F66A}.Release|x86.Build.0 = Release|Any CPU
		{2BB60758-1685-4FA8-B11E-75627B29F66A}.Checked|Any CPU.ActiveCfg = Debug|Any CPU
		{2BB60758-1685-4FA8-B11E-75627B29F66A}.Checked|x64.ActiveCfg = Debug|Any CPU
		{2BB60758-1685-4FA8-B11E-75627B29F66A}.Checked|x86.ActiveCfg = Debug|Any CPU
		{F7B8B93E-7BBC-4DE9-BFB1-C07E13876758}.Debug|Any CPU.ActiveCfg = Debug|Any CPU
		{F7B8B93E-7BBC-4DE9-BFB1-C07E13876758}.Debug|Any CPU.Build.0 = Debug|Any CPU
		{F7B8B93E-7BBC-4DE9-BFB1-C07E13876758}.Debug|x64.ActiveCfg = Debug|Any CPU
		{F7B8B93E-7BBC-4DE9-BFB1-C07E13876758}.Debug|x64.Build.0 = Debug|Any CPU
		{F7B8B93E-7BBC-4DE9-BFB1-C07E13876758}.Debug|x86.ActiveCfg = Debug|Any CPU
		{F7B8B93E-7BBC-4DE9-BFB1-C07E13876758}.Debug|x86.Build.0 = Debug|Any CPU
		{F7B8B93E-7BBC-4DE9-BFB1-C07E13876758}.Release|Any CPU.ActiveCfg = Release|Any CPU
		{F7B8B93E-7BBC-4DE9-BFB1-C07E13876758}.Release|Any CPU.Build.0 = Release|Any CPU
		{F7B8B93E-7BBC-4DE9-BFB1-C07E13876758}.Release|x64.ActiveCfg = Release|Any CPU
		{F7B8B93E-7BBC-4DE9-BFB1-C07E13876758}.Release|x64.Build.0 = Release|Any CPU
		{F7B8B93E-7BBC-4DE9-BFB1-C07E13876758}.Release|x86.ActiveCfg = Release|Any CPU
		{F7B8B93E-7BBC-4DE9-BFB1-C07E13876758}.Release|x86.Build.0 = Release|Any CPU
		{F7B8B93E-7BBC-4DE9-BFB1-C07E13876758}.Checked|Any CPU.ActiveCfg = Debug|Any CPU
		{F7B8B93E-7BBC-4DE9-BFB1-C07E13876758}.Checked|x64.ActiveCfg = Debug|Any CPU
		{F7B8B93E-7BBC-4DE9-BFB1-C07E13876758}.Checked|x86.ActiveCfg = Debug|Any CPU
		{0582BADC-0A09-4DF7-8D8A-9B6763FBE9F3}.Debug|Any CPU.ActiveCfg = Debug|Any CPU
		{0582BADC-0A09-4DF7-8D8A-9B6763FBE9F3}.Debug|Any CPU.Build.0 = Debug|Any CPU
		{0582BADC-0A09-4DF7-8D8A-9B6763FBE9F3}.Debug|x64.ActiveCfg = Debug|Any CPU
		{0582BADC-0A09-4DF7-8D8A-9B6763FBE9F3}.Debug|x64.Build.0 = Debug|Any CPU
		{0582BADC-0A09-4DF7-8D8A-9B6763FBE9F3}.Debug|x86.ActiveCfg = Debug|Any CPU
		{0582BADC-0A09-4DF7-8D8A-9B6763FBE9F3}.Debug|x86.Build.0 = Debug|Any CPU
		{0582BADC-0A09-4DF7-8D8A-9B6763FBE9F3}.Release|Any CPU.ActiveCfg = Release|Any CPU
		{0582BADC-0A09-4DF7-8D8A-9B6763FBE9F3}.Release|Any CPU.Build.0 = Release|Any CPU
		{0582BADC-0A09-4DF7-8D8A-9B6763FBE9F3}.Release|x64.ActiveCfg = Release|Any CPU
		{0582BADC-0A09-4DF7-8D8A-9B6763FBE9F3}.Release|x64.Build.0 = Release|Any CPU
		{0582BADC-0A09-4DF7-8D8A-9B6763FBE9F3}.Release|x86.ActiveCfg = Release|Any CPU
		{0582BADC-0A09-4DF7-8D8A-9B6763FBE9F3}.Release|x86.Build.0 = Release|Any CPU
		{0582BADC-0A09-4DF7-8D8A-9B6763FBE9F3}.Checked|Any CPU.ActiveCfg = Debug|Any CPU
		{0582BADC-0A09-4DF7-8D8A-9B6763FBE9F3}.Checked|x64.ActiveCfg = Debug|Any CPU
		{0582BADC-0A09-4DF7-8D8A-9B6763FBE9F3}.Checked|x86.ActiveCfg = Debug|Any CPU
	EndGlobalSection
	GlobalSection(SolutionProperties) = preSolution
		HideSolutionNode = FALSE
	EndGlobalSection
	GlobalSection(NestedProjects) = preSolution
		{77E9C47D-4AC4-4402-8613-40DF427174BD} = {82B73074-F6E2-4F70-B57F-42E8C33B7703}
		{EE6AF63D-8705-487B-959B-49FC2D499468} = {82B73074-F6E2-4F70-B57F-42E8C33B7703}
		{0B74A606-CA5C-41BD-BF11-06313111C467} = {82B73074-F6E2-4F70-B57F-42E8C33B7703}
		{2BB60758-1685-4FA8-B11E-75627B29F66A} = {82B73074-F6E2-4F70-B57F-42E8C33B7703}
		{0582BADC-0A09-4DF7-8D8A-9B6763FBE9F3} = {82B73074-F6E2-4F70-B57F-42E8C33B7703}
		{BB54ED9D-FF71-4D91-B7C0-984AB0976798} = {EB7DBE00-D1FC-4E45-A523-26956A5D191E}
		{38D8F258-655E-459B-B2CE-0DED144AFBF7} = {EB7DBE00-D1FC-4E45-A523-26956A5D191E}
		{DF501250-4105-4F79-A508-90B3A13A975A} = {3B776913-63BC-4499-9A30-162617510891}
		{4385739F-14A1-4F21-96E3-12EA90580575} = {3B776913-63BC-4499-9A30-162617510891}
		{39FCF17F-5CBD-4BF1-BDEF-37F5BA3EE4F6} = {3B776913-63BC-4499-9A30-162617510891}
		{F7B8B93E-7BBC-4DE9-BFB1-C07E13876758} = {3B776913-63BC-4499-9A30-162617510891}
	EndGlobalSection
	GlobalSection(ExtensibilityGlobals) = postSolution
		SolutionGuid = {FDD40D53-AF3E-4A20-BE17-7555EB5494F9}
	EndGlobalSection
EndGlobal
