Microsoft Visual Studio Solution File, Format Version 12.00
Project("{9A19103F-16F7-4668-BE54-9A1E7A4F7556}") = "TestUtilities", "..\Common\tests\TestUtilities\TestUtilities.csproj", "{66CD0AD6-EBEE-468B-9732-A4C49EF492F4}"
EndProject
Project("{9A19103F-16F7-4668-BE54-9A1E7A4F7556}") = "Microsoft.Win32.Registry", "..\Microsoft.Win32.Registry\ref\Microsoft.Win32.Registry.csproj", "{1B187FDE-EC95-4258-BE6F-82D33C6485C9}"
EndProject
Project("{9A19103F-16F7-4668-BE54-9A1E7A4F7556}") = "System.Runtime.CompilerServices.Unsafe", "..\System.Runtime.CompilerServices.Unsafe\ref\System.Runtime.CompilerServices.Unsafe.csproj", "{32372D95-0479-478C-9D88-F2E9EFE8799B}"
EndProject
Project("{9A19103F-16F7-4668-BE54-9A1E7A4F7556}") = "System.Runtime.CompilerServices.Unsafe", "..\System.Runtime.CompilerServices.Unsafe\src\System.Runtime.CompilerServices.Unsafe.ilproj", "{D1D66A3C-C615-443E-8F57-9C0F4443FD0C}"
EndProject
Project("{9A19103F-16F7-4668-BE54-9A1E7A4F7556}") = "System.Security.AccessControl", "..\System.Security.AccessControl\ref\System.Security.AccessControl.csproj", "{312B3EE4-452D-48C9-9550-37AA9D7FDE1B}"
EndProject
Project("{9A19103F-16F7-4668-BE54-9A1E7A4F7556}") = "System.Security.Principal.Windows", "..\System.Security.Principal.Windows\ref\System.Security.Principal.Windows.csproj", "{E9C31171-4A6A-4E6C-8FD2-FAB82B668E96}"
EndProject
Project("{9A19103F-16F7-4668-BE54-9A1E7A4F7556}") = "System.ServiceModel.Syndication", "ref\System.ServiceModel.Syndication.csproj", "{2A7BBE91-0165-45E9-8A10-D7346C5179B6}"
EndProject
Project("{9A19103F-16F7-4668-BE54-9A1E7A4F7556}") = "System.ServiceModel.Syndication", "src\System.ServiceModel.Syndication.csproj", "{02AF5461-4FB0-48B1-AD93-9D5F1022B1E9}"
EndProject
Project("{9A19103F-16F7-4668-BE54-9A1E7A4F7556}") = "System.ServiceModel.Syndication.Tests", "tests\System.ServiceModel.Syndication.Tests.csproj", "{0269CAF5-9979-49A1-AC7B-61139BBBA182}"
EndProject
Project("{2150E333-8FDC-42A3-9474-1A3956D46DE8}") = "tests", "tests", "{59505978-2FD4-4878-8F49-ECA9AADCA8A2}"
EndProject
Project("{2150E333-8FDC-42A3-9474-1A3956D46DE8}") = "ref", "ref", "{C6E71604-E3B9-4301-BE6A-F3892CB1C2EF}"
EndProject
Project("{2150E333-8FDC-42A3-9474-1A3956D46DE8}") = "src", "src", "{68E12269-6D76-430B-9FD6-63F05E6AC471}"
EndProject
Global
	GlobalSection(SolutionConfigurationPlatforms) = preSolution
		Debug|Any CPU = Debug|Any CPU
		Release|Any CPU = Release|Any CPU
	EndGlobalSection
	GlobalSection(ProjectConfigurationPlatforms) = postSolution
		{0269CAF5-9979-49A1-AC7B-61139BBBA182}.Debug|Any CPU.ActiveCfg = Debug|Any CPU
		{0269CAF5-9979-49A1-AC7B-61139BBBA182}.Debug|Any CPU.Build.0 = Debug|Any CPU
		{0269CAF5-9979-49A1-AC7B-61139BBBA182}.Release|Any CPU.ActiveCfg = Release|Any CPU
		{0269CAF5-9979-49A1-AC7B-61139BBBA182}.Release|Any CPU.Build.0 = Release|Any CPU
		{2A7BBE91-0165-45E9-8A10-D7346C5179B6}.Debug|Any CPU.ActiveCfg = Debug|Any CPU
		{2A7BBE91-0165-45E9-8A10-D7346C5179B6}.Debug|Any CPU.Build.0 = Debug|Any CPU
		{2A7BBE91-0165-45E9-8A10-D7346C5179B6}.Release|Any CPU.ActiveCfg = Release|Any CPU
		{2A7BBE91-0165-45E9-8A10-D7346C5179B6}.Release|Any CPU.Build.0 = Release|Any CPU
		{02AF5461-4FB0-48B1-AD93-9D5F1022B1E9}.Debug|Any CPU.ActiveCfg = Debug|Any CPU
		{02AF5461-4FB0-48B1-AD93-9D5F1022B1E9}.Debug|Any CPU.Build.0 = Debug|Any CPU
		{02AF5461-4FB0-48B1-AD93-9D5F1022B1E9}.Release|Any CPU.ActiveCfg = Release|Any CPU
		{02AF5461-4FB0-48B1-AD93-9D5F1022B1E9}.Release|Any CPU.Build.0 = Release|Any CPU
		{66CD0AD6-EBEE-468B-9732-A4C49EF492F4}.Debug|Any CPU.ActiveCfg = Debug|Any CPU
		{66CD0AD6-EBEE-468B-9732-A4C49EF492F4}.Debug|Any CPU.Build.0 = Debug|Any CPU
		{66CD0AD6-EBEE-468B-9732-A4C49EF492F4}.Release|Any CPU.ActiveCfg = Release|Any CPU
		{66CD0AD6-EBEE-468B-9732-A4C49EF492F4}.Release|Any CPU.Build.0 = Release|Any CPU
		{1B187FDE-EC95-4258-BE6F-82D33C6485C9}.Debug|Any CPU.ActiveCfg = Debug|Any CPU
		{1B187FDE-EC95-4258-BE6F-82D33C6485C9}.Debug|Any CPU.Build.0 = Debug|Any CPU
		{1B187FDE-EC95-4258-BE6F-82D33C6485C9}.Release|Any CPU.ActiveCfg = Release|Any CPU
		{1B187FDE-EC95-4258-BE6F-82D33C6485C9}.Release|Any CPU.Build.0 = Release|Any CPU
		{E9C31171-4A6A-4E6C-8FD2-FAB82B668E96}.Debug|Any CPU.ActiveCfg = Debug|Any CPU
		{E9C31171-4A6A-4E6C-8FD2-FAB82B668E96}.Debug|Any CPU.Build.0 = Debug|Any CPU
		{E9C31171-4A6A-4E6C-8FD2-FAB82B668E96}.Release|Any CPU.ActiveCfg = Release|Any CPU
		{E9C31171-4A6A-4E6C-8FD2-FAB82B668E96}.Release|Any CPU.Build.0 = Release|Any CPU
		{D1D66A3C-C615-443E-8F57-9C0F4443FD0C}.Debug|Any CPU.ActiveCfg = Debug|Any CPU
		{D1D66A3C-C615-443E-8F57-9C0F4443FD0C}.Debug|Any CPU.Build.0 = Debug|Any CPU
		{D1D66A3C-C615-443E-8F57-9C0F4443FD0C}.Release|Any CPU.ActiveCfg = Release|Any CPU
		{D1D66A3C-C615-443E-8F57-9C0F4443FD0C}.Release|Any CPU.Build.0 = Release|Any CPU
		{312B3EE4-452D-48C9-9550-37AA9D7FDE1B}.Debug|Any CPU.ActiveCfg = Debug|Any CPU
		{312B3EE4-452D-48C9-9550-37AA9D7FDE1B}.Debug|Any CPU.Build.0 = Debug|Any CPU
		{312B3EE4-452D-48C9-9550-37AA9D7FDE1B}.Release|Any CPU.ActiveCfg = Release|Any CPU
		{312B3EE4-452D-48C9-9550-37AA9D7FDE1B}.Release|Any CPU.Build.0 = Release|Any CPU
		{32372D95-0479-478C-9D88-F2E9EFE8799B}.Debug|Any CPU.ActiveCfg = Debug|Any CPU
		{32372D95-0479-478C-9D88-F2E9EFE8799B}.Debug|Any CPU.Build.0 = Debug|Any CPU
		{32372D95-0479-478C-9D88-F2E9EFE8799B}.Release|Any CPU.ActiveCfg = Release|Any CPU
		{32372D95-0479-478C-9D88-F2E9EFE8799B}.Release|Any CPU.Build.0 = Release|Any CPU
	EndGlobalSection
	GlobalSection(SolutionProperties) = preSolution
		HideSolutionNode = FALSE
	EndGlobalSection
	GlobalSection(NestedProjects) = preSolution
		{0269CAF5-9979-49A1-AC7B-61139BBBA182} = {59505978-2FD4-4878-8F49-ECA9AADCA8A2}
		{66CD0AD6-EBEE-468B-9732-A4C49EF492F4} = {59505978-2FD4-4878-8F49-ECA9AADCA8A2}
		{2A7BBE91-0165-45E9-8A10-D7346C5179B6} = {C6E71604-E3B9-4301-BE6A-F3892CB1C2EF}
		{1B187FDE-EC95-4258-BE6F-82D33C6485C9} = {C6E71604-E3B9-4301-BE6A-F3892CB1C2EF}
		{E9C31171-4A6A-4E6C-8FD2-FAB82B668E96} = {C6E71604-E3B9-4301-BE6A-F3892CB1C2EF}
		{312B3EE4-452D-48C9-9550-37AA9D7FDE1B} = {C6E71604-E3B9-4301-BE6A-F3892CB1C2EF}
		{32372D95-0479-478C-9D88-F2E9EFE8799B} = {C6E71604-E3B9-4301-BE6A-F3892CB1C2EF}
		{02AF5461-4FB0-48B1-AD93-9D5F1022B1E9} = {68E12269-6D76-430B-9FD6-63F05E6AC471}
		{D1D66A3C-C615-443E-8F57-9C0F4443FD0C} = {68E12269-6D76-430B-9FD6-63F05E6AC471}
	EndGlobalSection
	GlobalSection(ExtensibilityGlobals) = postSolution
		SolutionGuid = {BCEBC86B-FB61-475D-B3A0-6C556A7B5E3B}
	EndGlobalSection
EndGlobal
