Microsoft Visual Studio Solution File, Format Version 12.00
Project("{9A19103F-16F7-4668-BE54-9A1E7A4F7556}") = "TestUtilities", "..\Common\tests\TestUtilities\TestUtilities.csproj", "{F8166147-93CA-4985-8E1F-E10A31C9713A}"
EndProject
Project("{9A19103F-16F7-4668-BE54-9A1E7A4F7556}") = "Microsoft.Win32.Registry", "..\Microsoft.Win32.Registry\ref\Microsoft.Win32.Registry.csproj", "{E4175FAA-1220-4C4E-B8D2-FF9FD0F7DA76}"
EndProject
Project("{9A19103F-16F7-4668-BE54-9A1E7A4F7556}") = "System.Net.NetworkInformation", "ref\System.Net.NetworkInformation.csproj", "{EDF83CE6-22BB-45EA-B8CF-32AC2CFE5713}"
EndProject
Project("{9A19103F-16F7-4668-BE54-9A1E7A4F7556}") = "System.Net.NetworkInformation", "src\System.Net.NetworkInformation.csproj", "{062F1189-143C-456B-A439-D9C1BE2DD640}"
EndProject
Project("{9A19103F-16F7-4668-BE54-9A1E7A4F7556}") = "System.Net.NetworkInformation.Functional.Tests", "tests\FunctionalTests\System.Net.NetworkInformation.Functional.Tests.csproj", "{A0F37A17-0D79-4A84-84CC-AEE604206F06}"
EndProject
Project("{9A19103F-16F7-4668-BE54-9A1E7A4F7556}") = "System.Runtime.CompilerServices.Unsafe", "..\System.Runtime.CompilerServices.Unsafe\ref\System.Runtime.CompilerServices.Unsafe.csproj", "{23FF09C1-F2BF-4834-96CE-59BE5AA7F46A}"
EndProject
Project("{9A19103F-16F7-4668-BE54-9A1E7A4F7556}") = "System.Runtime.CompilerServices.Unsafe", "..\System.Runtime.CompilerServices.Unsafe\src\System.Runtime.CompilerServices.Unsafe.ilproj", "{1EBC1861-0CC0-45A6-9685-AF863383D81F}"
EndProject
Project("{9A19103F-16F7-4668-BE54-9A1E7A4F7556}") = "System.Security.AccessControl", "..\System.Security.AccessControl\ref\System.Security.AccessControl.csproj", "{E0483B14-39A9-4340-AD94-4C69CEB3C46E}"
EndProject
Project("{9A19103F-16F7-4668-BE54-9A1E7A4F7556}") = "System.Security.Principal.Windows", "..\System.Security.Principal.Windows\ref\System.Security.Principal.Windows.csproj", "{5BB14868-7DC8-4410-A89D-A1EABD70A349}"
EndProject
Project("{2150E333-8FDC-42A3-9474-1A3956D46DE8}") = "ref", "ref", "{98B9BF2A-5228-4C37-887A-5657A298C559}"
EndProject
Project("{2150E333-8FDC-42A3-9474-1A3956D46DE8}") = "tests", "tests", "{191ADCA1-657B-4C5E-B76C-378BDD6B70D8}"
EndProject
Project("{2150E333-8FDC-42A3-9474-1A3956D46DE8}") = "src", "src", "{DE496F58-F494-4861-AAE6-9048EF168881}"
EndProject
Global
	GlobalSection(SolutionConfigurationPlatforms) = preSolution
		Debug|Any CPU = Debug|Any CPU
		Release|Any CPU = Release|Any CPU
	EndGlobalSection
	GlobalSection(ProjectConfigurationPlatforms) = postSolution
		{EDF83CE6-22BB-45EA-B8CF-32AC2CFE5713}.Debug|Any CPU.ActiveCfg = Debug|Any CPU
		{EDF83CE6-22BB-45EA-B8CF-32AC2CFE5713}.Debug|Any CPU.Build.0 = Debug|Any CPU
		{EDF83CE6-22BB-45EA-B8CF-32AC2CFE5713}.Release|Any CPU.ActiveCfg = Release|Any CPU
		{EDF83CE6-22BB-45EA-B8CF-32AC2CFE5713}.Release|Any CPU.Build.0 = Release|Any CPU
		{A0F37A17-0D79-4A84-84CC-AEE604206F06}.Debug|Any CPU.ActiveCfg = Debug|Any CPU
		{A0F37A17-0D79-4A84-84CC-AEE604206F06}.Debug|Any CPU.Build.0 = Debug|Any CPU
		{A0F37A17-0D79-4A84-84CC-AEE604206F06}.Release|Any CPU.ActiveCfg = Release|Any CPU
		{A0F37A17-0D79-4A84-84CC-AEE604206F06}.Release|Any CPU.Build.0 = Release|Any CPU
		{062F1189-143C-456B-A439-D9C1BE2DD640}.Debug|Any CPU.ActiveCfg = Debug|Any CPU
		{062F1189-143C-456B-A439-D9C1BE2DD640}.Debug|Any CPU.Build.0 = Debug|Any CPU
		{062F1189-143C-456B-A439-D9C1BE2DD640}.Release|Any CPU.ActiveCfg = Release|Any CPU
		{062F1189-143C-456B-A439-D9C1BE2DD640}.Release|Any CPU.Build.0 = Release|Any CPU
		{F8166147-93CA-4985-8E1F-E10A31C9713A}.Debug|Any CPU.ActiveCfg = Debug|Any CPU
		{F8166147-93CA-4985-8E1F-E10A31C9713A}.Debug|Any CPU.Build.0 = Debug|Any CPU
		{F8166147-93CA-4985-8E1F-E10A31C9713A}.Release|Any CPU.ActiveCfg = Release|Any CPU
		{F8166147-93CA-4985-8E1F-E10A31C9713A}.Release|Any CPU.Build.0 = Release|Any CPU
		{5BB14868-7DC8-4410-A89D-A1EABD70A349}.Debug|Any CPU.ActiveCfg = Debug|Any CPU
		{5BB14868-7DC8-4410-A89D-A1EABD70A349}.Debug|Any CPU.Build.0 = Debug|Any CPU
		{5BB14868-7DC8-4410-A89D-A1EABD70A349}.Release|Any CPU.ActiveCfg = Release|Any CPU
		{5BB14868-7DC8-4410-A89D-A1EABD70A349}.Release|Any CPU.Build.0 = Release|Any CPU
		{E4175FAA-1220-4C4E-B8D2-FF9FD0F7DA76}.Debug|Any CPU.ActiveCfg = Debug|Any CPU
		{E4175FAA-1220-4C4E-B8D2-FF9FD0F7DA76}.Debug|Any CPU.Build.0 = Debug|Any CPU
		{E4175FAA-1220-4C4E-B8D2-FF9FD0F7DA76}.Release|Any CPU.ActiveCfg = Release|Any CPU
		{E4175FAA-1220-4C4E-B8D2-FF9FD0F7DA76}.Release|Any CPU.Build.0 = Release|Any CPU
		{1EBC1861-0CC0-45A6-9685-AF863383D81F}.Debug|Any CPU.ActiveCfg = Debug|Any CPU
		{1EBC1861-0CC0-45A6-9685-AF863383D81F}.Debug|Any CPU.Build.0 = Debug|Any CPU
		{1EBC1861-0CC0-45A6-9685-AF863383D81F}.Release|Any CPU.ActiveCfg = Release|Any CPU
		{1EBC1861-0CC0-45A6-9685-AF863383D81F}.Release|Any CPU.Build.0 = Release|Any CPU
		{E0483B14-39A9-4340-AD94-4C69CEB3C46E}.Debug|Any CPU.ActiveCfg = Debug|Any CPU
		{E0483B14-39A9-4340-AD94-4C69CEB3C46E}.Debug|Any CPU.Build.0 = Debug|Any CPU
		{E0483B14-39A9-4340-AD94-4C69CEB3C46E}.Release|Any CPU.ActiveCfg = Release|Any CPU
		{E0483B14-39A9-4340-AD94-4C69CEB3C46E}.Release|Any CPU.Build.0 = Release|Any CPU
		{23FF09C1-F2BF-4834-96CE-59BE5AA7F46A}.Debug|Any CPU.ActiveCfg = Debug|Any CPU
		{23FF09C1-F2BF-4834-96CE-59BE5AA7F46A}.Debug|Any CPU.Build.0 = Debug|Any CPU
		{23FF09C1-F2BF-4834-96CE-59BE5AA7F46A}.Release|Any CPU.ActiveCfg = Release|Any CPU
		{23FF09C1-F2BF-4834-96CE-59BE5AA7F46A}.Release|Any CPU.Build.0 = Release|Any CPU
	EndGlobalSection
	GlobalSection(SolutionProperties) = preSolution
		HideSolutionNode = FALSE
	EndGlobalSection
	GlobalSection(NestedProjects) = preSolution
		{EDF83CE6-22BB-45EA-B8CF-32AC2CFE5713} = {98B9BF2A-5228-4C37-887A-5657A298C559}
		{5BB14868-7DC8-4410-A89D-A1EABD70A349} = {98B9BF2A-5228-4C37-887A-5657A298C559}
		{E4175FAA-1220-4C4E-B8D2-FF9FD0F7DA76} = {98B9BF2A-5228-4C37-887A-5657A298C559}
		{E0483B14-39A9-4340-AD94-4C69CEB3C46E} = {98B9BF2A-5228-4C37-887A-5657A298C559}
		{23FF09C1-F2BF-4834-96CE-59BE5AA7F46A} = {98B9BF2A-5228-4C37-887A-5657A298C559}
		{A0F37A17-0D79-4A84-84CC-AEE604206F06} = {191ADCA1-657B-4C5E-B76C-378BDD6B70D8}
		{F8166147-93CA-4985-8E1F-E10A31C9713A} = {191ADCA1-657B-4C5E-B76C-378BDD6B70D8}
		{062F1189-143C-456B-A439-D9C1BE2DD640} = {DE496F58-F494-4861-AAE6-9048EF168881}
		{1EBC1861-0CC0-45A6-9685-AF863383D81F} = {DE496F58-F494-4861-AAE6-9048EF168881}
	EndGlobalSection
	GlobalSection(ExtensibilityGlobals) = postSolution
		SolutionGuid = {6749EC2E-042F-4132-9B0A-82ED7F56513C}
	EndGlobalSection
EndGlobal
