Microsoft Visual Studio Solution File, Format Version 12.00
Project("{9A19103F-16F7-4668-BE54-9A1E7A4F7556}") = "TestUtilities", "..\Common\tests\TestUtilities\TestUtilities.csproj", "{330C46C6-15A6-4713-A227-3BFA379D4479}"
EndProject
Project("{9A19103F-16F7-4668-BE54-9A1E7A4F7556}") = "Microsoft.Win32.Registry", "..\Microsoft.Win32.Registry\ref\Microsoft.Win32.Registry.csproj", "{9CCFC6F9-6A43-4219-B92F-7F5904218B87}"
EndProject
Project("{9A19103F-16F7-4668-BE54-9A1E7A4F7556}") = "System.Runtime.CompilerServices.Unsafe", "..\System.Runtime.CompilerServices.Unsafe\ref\System.Runtime.CompilerServices.Unsafe.csproj", "{BB55A91F-822B-4D5C-B3A2-02372BB356FA}"
EndProject
Project("{9A19103F-16F7-4668-BE54-9A1E7A4F7556}") = "System.Runtime.CompilerServices.Unsafe", "..\System.Runtime.CompilerServices.Unsafe\src\System.Runtime.CompilerServices.Unsafe.ilproj", "{0A1860C3-7207-49CE-B921-A9A76EA4A9DB}"
EndProject
Project("{9A19103F-16F7-4668-BE54-9A1E7A4F7556}") = "System.Runtime.InteropServices.RuntimeInformation", "ref\System.Runtime.InteropServices.RuntimeInformation.csproj", "{B2937043-2666-41F2-A72B-FA9CDBBC012A}"
EndProject
Project("{9A19103F-16F7-4668-BE54-9A1E7A4F7556}") = "System.Runtime.InteropServices.RuntimeInformation", "src\System.Runtime.InteropServices.RuntimeInformation.csproj", "{375DB818-0E7E-4361-9C56-07658B666B8B}"
EndProject
Project("{9A19103F-16F7-4668-BE54-9A1E7A4F7556}") = "System.Runtime.InteropServices.RuntimeInformation.Tests", "tests\System.Runtime.InteropServices.RuntimeInformation.Tests.csproj", "{4DFEE89A-C5B1-4D3E-9B34-96A2D6E98DB8}"
EndProject
Project("{9A19103F-16F7-4668-BE54-9A1E7A4F7556}") = "System.Security.AccessControl", "..\System.Security.AccessControl\ref\System.Security.AccessControl.csproj", "{D3A57789-B0FA-4D78-A54F-0C66F36ED7A7}"
EndProject
Project("{9A19103F-16F7-4668-BE54-9A1E7A4F7556}") = "System.Security.Principal.Windows", "..\System.Security.Principal.Windows\ref\System.Security.Principal.Windows.csproj", "{A19CEDB4-5DA7-4371-A5A5-497104B9531A}"
EndProject
Project("{2150E333-8FDC-42A3-9474-1A3956D46DE8}") = "ref", "ref", "{01BF3DC5-85D7-4E7B-96EA-D7A2097BBD61}"
EndProject
Project("{2150E333-8FDC-42A3-9474-1A3956D46DE8}") = "tests", "tests", "{830332AA-F8C5-4F18-8971-F53E36AB11CE}"
EndProject
Project("{2150E333-8FDC-42A3-9474-1A3956D46DE8}") = "src", "src", "{DD444990-FD47-46EA-96CB-38FF6FD3FBE1}"
EndProject
Global
	GlobalSection(SolutionConfigurationPlatforms) = preSolution
		Debug|Any CPU = Debug|Any CPU
		Release|Any CPU = Release|Any CPU
	EndGlobalSection
	GlobalSection(ProjectConfigurationPlatforms) = postSolution
		{B2937043-2666-41F2-A72B-FA9CDBBC012A}.Debug|Any CPU.ActiveCfg = Debug|Any CPU
		{B2937043-2666-41F2-A72B-FA9CDBBC012A}.Debug|Any CPU.Build.0 = Debug|Any CPU
		{B2937043-2666-41F2-A72B-FA9CDBBC012A}.Release|Any CPU.ActiveCfg = Release|Any CPU
		{B2937043-2666-41F2-A72B-FA9CDBBC012A}.Release|Any CPU.Build.0 = Release|Any CPU
		{4DFEE89A-C5B1-4D3E-9B34-96A2D6E98DB8}.Debug|Any CPU.ActiveCfg = Debug|Any CPU
		{4DFEE89A-C5B1-4D3E-9B34-96A2D6E98DB8}.Debug|Any CPU.Build.0 = Debug|Any CPU
		{4DFEE89A-C5B1-4D3E-9B34-96A2D6E98DB8}.Release|Any CPU.ActiveCfg = Release|Any CPU
		{4DFEE89A-C5B1-4D3E-9B34-96A2D6E98DB8}.Release|Any CPU.Build.0 = Release|Any CPU
		{375DB818-0E7E-4361-9C56-07658B666B8B}.Debug|Any CPU.ActiveCfg = Debug|Any CPU
		{375DB818-0E7E-4361-9C56-07658B666B8B}.Debug|Any CPU.Build.0 = Debug|Any CPU
		{375DB818-0E7E-4361-9C56-07658B666B8B}.Release|Any CPU.ActiveCfg = Release|Any CPU
		{375DB818-0E7E-4361-9C56-07658B666B8B}.Release|Any CPU.Build.0 = Release|Any CPU
		{330C46C6-15A6-4713-A227-3BFA379D4479}.Debug|Any CPU.ActiveCfg = Debug|Any CPU
		{330C46C6-15A6-4713-A227-3BFA379D4479}.Debug|Any CPU.Build.0 = Debug|Any CPU
		{330C46C6-15A6-4713-A227-3BFA379D4479}.Release|Any CPU.ActiveCfg = Release|Any CPU
		{330C46C6-15A6-4713-A227-3BFA379D4479}.Release|Any CPU.Build.0 = Release|Any CPU
		{9CCFC6F9-6A43-4219-B92F-7F5904218B87}.Debug|Any CPU.ActiveCfg = Debug|Any CPU
		{9CCFC6F9-6A43-4219-B92F-7F5904218B87}.Debug|Any CPU.Build.0 = Debug|Any CPU
		{9CCFC6F9-6A43-4219-B92F-7F5904218B87}.Release|Any CPU.ActiveCfg = Release|Any CPU
		{9CCFC6F9-6A43-4219-B92F-7F5904218B87}.Release|Any CPU.Build.0 = Release|Any CPU
		{A19CEDB4-5DA7-4371-A5A5-497104B9531A}.Debug|Any CPU.ActiveCfg = Debug|Any CPU
		{A19CEDB4-5DA7-4371-A5A5-497104B9531A}.Debug|Any CPU.Build.0 = Debug|Any CPU
		{A19CEDB4-5DA7-4371-A5A5-497104B9531A}.Release|Any CPU.ActiveCfg = Release|Any CPU
		{A19CEDB4-5DA7-4371-A5A5-497104B9531A}.Release|Any CPU.Build.0 = Release|Any CPU
		{0A1860C3-7207-49CE-B921-A9A76EA4A9DB}.Debug|Any CPU.ActiveCfg = Debug|Any CPU
		{0A1860C3-7207-49CE-B921-A9A76EA4A9DB}.Debug|Any CPU.Build.0 = Debug|Any CPU
		{0A1860C3-7207-49CE-B921-A9A76EA4A9DB}.Release|Any CPU.ActiveCfg = Release|Any CPU
		{0A1860C3-7207-49CE-B921-A9A76EA4A9DB}.Release|Any CPU.Build.0 = Release|Any CPU
		{D3A57789-B0FA-4D78-A54F-0C66F36ED7A7}.Debug|Any CPU.ActiveCfg = Debug|Any CPU
		{D3A57789-B0FA-4D78-A54F-0C66F36ED7A7}.Debug|Any CPU.Build.0 = Debug|Any CPU
		{D3A57789-B0FA-4D78-A54F-0C66F36ED7A7}.Release|Any CPU.ActiveCfg = Release|Any CPU
		{D3A57789-B0FA-4D78-A54F-0C66F36ED7A7}.Release|Any CPU.Build.0 = Release|Any CPU
		{BB55A91F-822B-4D5C-B3A2-02372BB356FA}.Debug|Any CPU.ActiveCfg = Debug|Any CPU
		{BB55A91F-822B-4D5C-B3A2-02372BB356FA}.Debug|Any CPU.Build.0 = Debug|Any CPU
		{BB55A91F-822B-4D5C-B3A2-02372BB356FA}.Release|Any CPU.ActiveCfg = Release|Any CPU
		{BB55A91F-822B-4D5C-B3A2-02372BB356FA}.Release|Any CPU.Build.0 = Release|Any CPU
	EndGlobalSection
	GlobalSection(SolutionProperties) = preSolution
		HideSolutionNode = FALSE
	EndGlobalSection
	GlobalSection(NestedProjects) = preSolution
		{B2937043-2666-41F2-A72B-FA9CDBBC012A} = {01BF3DC5-85D7-4E7B-96EA-D7A2097BBD61}
		{9CCFC6F9-6A43-4219-B92F-7F5904218B87} = {01BF3DC5-85D7-4E7B-96EA-D7A2097BBD61}
		{A19CEDB4-5DA7-4371-A5A5-497104B9531A} = {01BF3DC5-85D7-4E7B-96EA-D7A2097BBD61}
		{D3A57789-B0FA-4D78-A54F-0C66F36ED7A7} = {01BF3DC5-85D7-4E7B-96EA-D7A2097BBD61}
		{BB55A91F-822B-4D5C-B3A2-02372BB356FA} = {01BF3DC5-85D7-4E7B-96EA-D7A2097BBD61}
		{4DFEE89A-C5B1-4D3E-9B34-96A2D6E98DB8} = {830332AA-F8C5-4F18-8971-F53E36AB11CE}
		{330C46C6-15A6-4713-A227-3BFA379D4479} = {830332AA-F8C5-4F18-8971-F53E36AB11CE}
		{375DB818-0E7E-4361-9C56-07658B666B8B} = {DD444990-FD47-46EA-96CB-38FF6FD3FBE1}
		{0A1860C3-7207-49CE-B921-A9A76EA4A9DB} = {DD444990-FD47-46EA-96CB-38FF6FD3FBE1}
	EndGlobalSection
	GlobalSection(ExtensibilityGlobals) = postSolution
		SolutionGuid = {8C10FECD-1847-429D-9777-81F246B05D48}
	EndGlobalSection
EndGlobal
