Microsoft Visual Studio Solution File, Format Version 12.00
Project("{9A19103F-16F7-4668-BE54-9A1E7A4F7556}") = "TestUtilities", "..\Common\tests\TestUtilities\TestUtilities.csproj", "{A22876CA-76C0-4ABD-8658-C2B3DFDFE537}"
EndProject
Project("{9A19103F-16F7-4668-BE54-9A1E7A4F7556}") = "Microsoft.Win32.Registry", "..\Microsoft.Win32.Registry\ref\Microsoft.Win32.Registry.csproj", "{34316210-AAA4-41F1-A1A8-16AFB34661F3}"
EndProject
Project("{9A19103F-16F7-4668-BE54-9A1E7A4F7556}") = "System.Runtime.CompilerServices.Unsafe", "..\System.Runtime.CompilerServices.Unsafe\ref\System.Runtime.CompilerServices.Unsafe.csproj", "{54B39B17-A2BB-4D34-8AC4-4F59BC73C0F2}"
EndProject
Project("{9A19103F-16F7-4668-BE54-9A1E7A4F7556}") = "System.Runtime.CompilerServices.Unsafe", "..\System.Runtime.CompilerServices.Unsafe\src\System.Runtime.CompilerServices.Unsafe.ilproj", "{B6DD0576-19F7-4217-8C41-0D113942CC38}"
EndProject
Project("{9A19103F-16F7-4668-BE54-9A1E7A4F7556}") = "System.Runtime.Numerics", "ref\System.Runtime.Numerics.csproj", "{C91AC3B4-647B-4D7F-83CA-BE90FFFC8CF3}"
EndProject
Project("{9A19103F-16F7-4668-BE54-9A1E7A4F7556}") = "System.Runtime.Numerics", "src\System.Runtime.Numerics.csproj", "{91F8FBEF-C085-4542-BEE4-22449D80734A}"
EndProject
Project("{9A19103F-16F7-4668-BE54-9A1E7A4F7556}") = "System.Runtime.Numerics.Tests", "tests\System.Runtime.Numerics.Tests.csproj", "{2C4CBA2D-4C9D-4B83-85A4-2DF75C91B0FC}"
EndProject
Project("{9A19103F-16F7-4668-BE54-9A1E7A4F7556}") = "System.Security.AccessControl", "..\System.Security.AccessControl\ref\System.Security.AccessControl.csproj", "{36AE25D3-FA7A-451D-AD9B-65C16B323CD6}"
EndProject
Project("{9A19103F-16F7-4668-BE54-9A1E7A4F7556}") = "System.Security.Principal.Windows", "..\System.Security.Principal.Windows\ref\System.Security.Principal.Windows.csproj", "{00A8E1F2-9AA9-4925-96E4-F6F78ADF5555}"
EndProject
Project("{2150E333-8FDC-42A3-9474-1A3956D46DE8}") = "ref", "ref", "{4590ABA8-6F63-4951-9388-EFBC7134FA46}"
EndProject
Project("{2150E333-8FDC-42A3-9474-1A3956D46DE8}") = "src", "src", "{DCEC3699-9146-4D76-8F56-B38422552FFB}"
EndProject
Project("{2150E333-8FDC-42A3-9474-1A3956D46DE8}") = "tests", "tests", "{6C36EF9B-5AA2-4CE1-9D3A-78830BE97DC2}"
EndProject
Global
	GlobalSection(SolutionConfigurationPlatforms) = preSolution
		Debug|Any CPU = Debug|Any CPU
		Release|Any CPU = Release|Any CPU
	EndGlobalSection
	GlobalSection(ProjectConfigurationPlatforms) = postSolution
		{C91AC3B4-647B-4D7F-83CA-BE90FFFC8CF3}.Debug|Any CPU.ActiveCfg = Debug|Any CPU
		{C91AC3B4-647B-4D7F-83CA-BE90FFFC8CF3}.Debug|Any CPU.Build.0 = Debug|Any CPU
		{C91AC3B4-647B-4D7F-83CA-BE90FFFC8CF3}.Release|Any CPU.ActiveCfg = Release|Any CPU
		{C91AC3B4-647B-4D7F-83CA-BE90FFFC8CF3}.Release|Any CPU.Build.0 = Release|Any CPU
		{91F8FBEF-C085-4542-BEE4-22449D80734A}.Debug|Any CPU.ActiveCfg = Debug|Any CPU
		{91F8FBEF-C085-4542-BEE4-22449D80734A}.Debug|Any CPU.Build.0 = Debug|Any CPU
		{91F8FBEF-C085-4542-BEE4-22449D80734A}.Release|Any CPU.ActiveCfg = Release|Any CPU
		{91F8FBEF-C085-4542-BEE4-22449D80734A}.Release|Any CPU.Build.0 = Release|Any CPU
		{2C4CBA2D-4C9D-4B83-85A4-2DF75C91B0FC}.Debug|Any CPU.ActiveCfg = Debug|Any CPU
		{2C4CBA2D-4C9D-4B83-85A4-2DF75C91B0FC}.Debug|Any CPU.Build.0 = Debug|Any CPU
		{2C4CBA2D-4C9D-4B83-85A4-2DF75C91B0FC}.Release|Any CPU.ActiveCfg = Release|Any CPU
		{2C4CBA2D-4C9D-4B83-85A4-2DF75C91B0FC}.Release|Any CPU.Build.0 = Release|Any CPU
		{A22876CA-76C0-4ABD-8658-C2B3DFDFE537}.Debug|Any CPU.ActiveCfg = Debug|Any CPU
		{A22876CA-76C0-4ABD-8658-C2B3DFDFE537}.Debug|Any CPU.Build.0 = Debug|Any CPU
		{A22876CA-76C0-4ABD-8658-C2B3DFDFE537}.Release|Any CPU.ActiveCfg = Release|Any CPU
		{A22876CA-76C0-4ABD-8658-C2B3DFDFE537}.Release|Any CPU.Build.0 = Release|Any CPU
		{00A8E1F2-9AA9-4925-96E4-F6F78ADF5555}.Debug|Any CPU.ActiveCfg = Debug|Any CPU
		{00A8E1F2-9AA9-4925-96E4-F6F78ADF5555}.Debug|Any CPU.Build.0 = Debug|Any CPU
		{00A8E1F2-9AA9-4925-96E4-F6F78ADF5555}.Release|Any CPU.ActiveCfg = Release|Any CPU
		{00A8E1F2-9AA9-4925-96E4-F6F78ADF5555}.Release|Any CPU.Build.0 = Release|Any CPU
		{34316210-AAA4-41F1-A1A8-16AFB34661F3}.Debug|Any CPU.ActiveCfg = Debug|Any CPU
		{34316210-AAA4-41F1-A1A8-16AFB34661F3}.Debug|Any CPU.Build.0 = Debug|Any CPU
		{34316210-AAA4-41F1-A1A8-16AFB34661F3}.Release|Any CPU.ActiveCfg = Release|Any CPU
		{34316210-AAA4-41F1-A1A8-16AFB34661F3}.Release|Any CPU.Build.0 = Release|Any CPU
		{B6DD0576-19F7-4217-8C41-0D113942CC38}.Debug|Any CPU.ActiveCfg = Debug|Any CPU
		{B6DD0576-19F7-4217-8C41-0D113942CC38}.Debug|Any CPU.Build.0 = Debug|Any CPU
		{B6DD0576-19F7-4217-8C41-0D113942CC38}.Release|Any CPU.ActiveCfg = Release|Any CPU
		{B6DD0576-19F7-4217-8C41-0D113942CC38}.Release|Any CPU.Build.0 = Release|Any CPU
		{36AE25D3-FA7A-451D-AD9B-65C16B323CD6}.Debug|Any CPU.ActiveCfg = Debug|Any CPU
		{36AE25D3-FA7A-451D-AD9B-65C16B323CD6}.Debug|Any CPU.Build.0 = Debug|Any CPU
		{36AE25D3-FA7A-451D-AD9B-65C16B323CD6}.Release|Any CPU.ActiveCfg = Release|Any CPU
		{36AE25D3-FA7A-451D-AD9B-65C16B323CD6}.Release|Any CPU.Build.0 = Release|Any CPU
		{54B39B17-A2BB-4D34-8AC4-4F59BC73C0F2}.Debug|Any CPU.ActiveCfg = Debug|Any CPU
		{54B39B17-A2BB-4D34-8AC4-4F59BC73C0F2}.Debug|Any CPU.Build.0 = Debug|Any CPU
		{54B39B17-A2BB-4D34-8AC4-4F59BC73C0F2}.Release|Any CPU.ActiveCfg = Release|Any CPU
		{54B39B17-A2BB-4D34-8AC4-4F59BC73C0F2}.Release|Any CPU.Build.0 = Release|Any CPU
	EndGlobalSection
	GlobalSection(SolutionProperties) = preSolution
		HideSolutionNode = FALSE
	EndGlobalSection
	GlobalSection(NestedProjects) = preSolution
		{C91AC3B4-647B-4D7F-83CA-BE90FFFC8CF3} = {4590ABA8-6F63-4951-9388-EFBC7134FA46}
		{00A8E1F2-9AA9-4925-96E4-F6F78ADF5555} = {4590ABA8-6F63-4951-9388-EFBC7134FA46}
		{34316210-AAA4-41F1-A1A8-16AFB34661F3} = {4590ABA8-6F63-4951-9388-EFBC7134FA46}
		{36AE25D3-FA7A-451D-AD9B-65C16B323CD6} = {4590ABA8-6F63-4951-9388-EFBC7134FA46}
		{54B39B17-A2BB-4D34-8AC4-4F59BC73C0F2} = {4590ABA8-6F63-4951-9388-EFBC7134FA46}
		{91F8FBEF-C085-4542-BEE4-22449D80734A} = {DCEC3699-9146-4D76-8F56-B38422552FFB}
		{B6DD0576-19F7-4217-8C41-0D113942CC38} = {DCEC3699-9146-4D76-8F56-B38422552FFB}
		{2C4CBA2D-4C9D-4B83-85A4-2DF75C91B0FC} = {6C36EF9B-5AA2-4CE1-9D3A-78830BE97DC2}
		{A22876CA-76C0-4ABD-8658-C2B3DFDFE537} = {6C36EF9B-5AA2-4CE1-9D3A-78830BE97DC2}
	EndGlobalSection
	GlobalSection(ExtensibilityGlobals) = postSolution
		SolutionGuid = {B7C7E4C6-78B9-4AE7-AC8B-4F08EAD0DECB}
	EndGlobalSection
EndGlobal
