Microsoft Visual Studio Solution File, Format Version 12.00
Project("{9A19103F-16F7-4668-BE54-9A1E7A4F7556}") = "TestUtilities", "..\Common\tests\TestUtilities\TestUtilities.csproj", "{9A152C52-C5EE-41ED-AD29-8EEE5D41E372}"
EndProject
Project("{9A19103F-16F7-4668-BE54-9A1E7A4F7556}") = "Microsoft.Win32.Registry", "..\Microsoft.Win32.Registry\ref\Microsoft.Win32.Registry.csproj", "{9E4EA321-CED7-4A2B-BA35-468EDF0EF007}"
EndProject
Project("{9A19103F-16F7-4668-BE54-9A1E7A4F7556}") = "System.Dynamic.Runtime", "ref\System.Dynamic.Runtime.csproj", "{1A6D5602-176D-4E7D-A7F5-F4D25044E171}"
EndProject
Project("{9A19103F-16F7-4668-BE54-9A1E7A4F7556}") = "System.Dynamic.Runtime", "src\System.Dynamic.Runtime.csproj", "{F4EF8420-0243-452F-879E-609F9AE7C05E}"
EndProject
Project("{9A19103F-16F7-4668-BE54-9A1E7A4F7556}") = "System.Dynamic.Runtime.Tests", "tests\System.Dynamic.Runtime.Tests.csproj", "{3695B814-610C-41D5-A3F5-B0B55EF10863}"
EndProject
Project("{9A19103F-16F7-4668-BE54-9A1E7A4F7556}") = "System.Runtime.CompilerServices.Unsafe", "..\System.Runtime.CompilerServices.Unsafe\ref\System.Runtime.CompilerServices.Unsafe.csproj", "{6AD793CF-2805-4101-975C-71CE64DB62A1}"
EndProject
Project("{9A19103F-16F7-4668-BE54-9A1E7A4F7556}") = "System.Runtime.CompilerServices.Unsafe", "..\System.Runtime.CompilerServices.Unsafe\src\System.Runtime.CompilerServices.Unsafe.ilproj", "{3653D393-7F7B-4090-90FA-7028C29B5FFC}"
EndProject
Project("{9A19103F-16F7-4668-BE54-9A1E7A4F7556}") = "System.Security.AccessControl", "..\System.Security.AccessControl\ref\System.Security.AccessControl.csproj", "{84102ABB-EE96-4D46-96B8-16759AE17E13}"
EndProject
Project("{9A19103F-16F7-4668-BE54-9A1E7A4F7556}") = "System.Security.Principal.Windows", "..\System.Security.Principal.Windows\ref\System.Security.Principal.Windows.csproj", "{678436AA-0958-4152-8964-886B7B64CBD0}"
EndProject
Project("{2150E333-8FDC-42A3-9474-1A3956D46DE8}") = "tests", "tests", "{1C8EEF2E-E204-4B91-99BE-A514B502BC4B}"
EndProject
Project("{2150E333-8FDC-42A3-9474-1A3956D46DE8}") = "src", "src", "{CCA7AF03-69C9-4AB7-8A76-C8BBC7B4EAF4}"
EndProject
Project("{2150E333-8FDC-42A3-9474-1A3956D46DE8}") = "ref", "ref", "{E9DECDCB-980D-4EE9-8E5B-26A7223B1BBE}"
EndProject
Global
	GlobalSection(SolutionConfigurationPlatforms) = preSolution
		Debug|Any CPU = Debug|Any CPU
		Release|Any CPU = Release|Any CPU
	EndGlobalSection
	GlobalSection(ProjectConfigurationPlatforms) = postSolution
		{3695B814-610C-41D5-A3F5-B0B55EF10863}.Debug|Any CPU.ActiveCfg = Debug|Any CPU
		{3695B814-610C-41D5-A3F5-B0B55EF10863}.Debug|Any CPU.Build.0 = Debug|Any CPU
		{3695B814-610C-41D5-A3F5-B0B55EF10863}.Release|Any CPU.ActiveCfg = Release|Any CPU
		{3695B814-610C-41D5-A3F5-B0B55EF10863}.Release|Any CPU.Build.0 = Release|Any CPU
		{F4EF8420-0243-452F-879E-609F9AE7C05E}.Debug|Any CPU.ActiveCfg = Debug|Any CPU
		{F4EF8420-0243-452F-879E-609F9AE7C05E}.Debug|Any CPU.Build.0 = Debug|Any CPU
		{F4EF8420-0243-452F-879E-609F9AE7C05E}.Release|Any CPU.ActiveCfg = Release|Any CPU
		{F4EF8420-0243-452F-879E-609F9AE7C05E}.Release|Any CPU.Build.0 = Release|Any CPU
		{1A6D5602-176D-4E7D-A7F5-F4D25044E171}.Debug|Any CPU.ActiveCfg = Debug|Any CPU
		{1A6D5602-176D-4E7D-A7F5-F4D25044E171}.Debug|Any CPU.Build.0 = Debug|Any CPU
		{1A6D5602-176D-4E7D-A7F5-F4D25044E171}.Release|Any CPU.ActiveCfg = Release|Any CPU
		{1A6D5602-176D-4E7D-A7F5-F4D25044E171}.Release|Any CPU.Build.0 = Release|Any CPU
		{9A152C52-C5EE-41ED-AD29-8EEE5D41E372}.Debug|Any CPU.ActiveCfg = Debug|Any CPU
		{9A152C52-C5EE-41ED-AD29-8EEE5D41E372}.Debug|Any CPU.Build.0 = Debug|Any CPU
		{9A152C52-C5EE-41ED-AD29-8EEE5D41E372}.Release|Any CPU.ActiveCfg = Release|Any CPU
		{9A152C52-C5EE-41ED-AD29-8EEE5D41E372}.Release|Any CPU.Build.0 = Release|Any CPU
		{9E4EA321-CED7-4A2B-BA35-468EDF0EF007}.Debug|Any CPU.ActiveCfg = Debug|Any CPU
		{9E4EA321-CED7-4A2B-BA35-468EDF0EF007}.Debug|Any CPU.Build.0 = Debug|Any CPU
		{9E4EA321-CED7-4A2B-BA35-468EDF0EF007}.Release|Any CPU.ActiveCfg = Release|Any CPU
		{9E4EA321-CED7-4A2B-BA35-468EDF0EF007}.Release|Any CPU.Build.0 = Release|Any CPU
		{678436AA-0958-4152-8964-886B7B64CBD0}.Debug|Any CPU.ActiveCfg = Debug|Any CPU
		{678436AA-0958-4152-8964-886B7B64CBD0}.Debug|Any CPU.Build.0 = Debug|Any CPU
		{678436AA-0958-4152-8964-886B7B64CBD0}.Release|Any CPU.ActiveCfg = Release|Any CPU
		{678436AA-0958-4152-8964-886B7B64CBD0}.Release|Any CPU.Build.0 = Release|Any CPU
		{84102ABB-EE96-4D46-96B8-16759AE17E13}.Debug|Any CPU.ActiveCfg = Debug|Any CPU
		{84102ABB-EE96-4D46-96B8-16759AE17E13}.Debug|Any CPU.Build.0 = Debug|Any CPU
		{84102ABB-EE96-4D46-96B8-16759AE17E13}.Release|Any CPU.ActiveCfg = Release|Any CPU
		{84102ABB-EE96-4D46-96B8-16759AE17E13}.Release|Any CPU.Build.0 = Release|Any CPU
		{3653D393-7F7B-4090-90FA-7028C29B5FFC}.Debug|Any CPU.ActiveCfg = Debug|Any CPU
		{3653D393-7F7B-4090-90FA-7028C29B5FFC}.Debug|Any CPU.Build.0 = Debug|Any CPU
		{3653D393-7F7B-4090-90FA-7028C29B5FFC}.Release|Any CPU.ActiveCfg = Release|Any CPU
		{3653D393-7F7B-4090-90FA-7028C29B5FFC}.Release|Any CPU.Build.0 = Release|Any CPU
		{6AD793CF-2805-4101-975C-71CE64DB62A1}.Debug|Any CPU.ActiveCfg = Debug|Any CPU
		{6AD793CF-2805-4101-975C-71CE64DB62A1}.Debug|Any CPU.Build.0 = Debug|Any CPU
		{6AD793CF-2805-4101-975C-71CE64DB62A1}.Release|Any CPU.ActiveCfg = Release|Any CPU
		{6AD793CF-2805-4101-975C-71CE64DB62A1}.Release|Any CPU.Build.0 = Release|Any CPU
	EndGlobalSection
	GlobalSection(SolutionProperties) = preSolution
		HideSolutionNode = FALSE
	EndGlobalSection
	GlobalSection(NestedProjects) = preSolution
		{3695B814-610C-41D5-A3F5-B0B55EF10863} = {1C8EEF2E-E204-4B91-99BE-A514B502BC4B}
		{9A152C52-C5EE-41ED-AD29-8EEE5D41E372} = {1C8EEF2E-E204-4B91-99BE-A514B502BC4B}
		{F4EF8420-0243-452F-879E-609F9AE7C05E} = {CCA7AF03-69C9-4AB7-8A76-C8BBC7B4EAF4}
		{3653D393-7F7B-4090-90FA-7028C29B5FFC} = {CCA7AF03-69C9-4AB7-8A76-C8BBC7B4EAF4}
		{1A6D5602-176D-4E7D-A7F5-F4D25044E171} = {E9DECDCB-980D-4EE9-8E5B-26A7223B1BBE}
		{9E4EA321-CED7-4A2B-BA35-468EDF0EF007} = {E9DECDCB-980D-4EE9-8E5B-26A7223B1BBE}
		{678436AA-0958-4152-8964-886B7B64CBD0} = {E9DECDCB-980D-4EE9-8E5B-26A7223B1BBE}
		{84102ABB-EE96-4D46-96B8-16759AE17E13} = {E9DECDCB-980D-4EE9-8E5B-26A7223B1BBE}
		{6AD793CF-2805-4101-975C-71CE64DB62A1} = {E9DECDCB-980D-4EE9-8E5B-26A7223B1BBE}
	EndGlobalSection
	GlobalSection(ExtensibilityGlobals) = postSolution
		SolutionGuid = {48F54059-7B38-4CA3-A572-D20E5AD37696}
	EndGlobalSection
EndGlobal
