Microsoft Visual Studio Solution File, Format Version 12.00
Project("{9A19103F-16F7-4668-BE54-9A1E7A4F7556}") = "TestUtilities", "..\Common\tests\TestUtilities\TestUtilities.csproj", "{6F1E1397-7610-4E99-BA7E-895ABC8E5ACB}"
EndProject
Project("{9A19103F-16F7-4668-BE54-9A1E7A4F7556}") = "Microsoft.Win32.Registry", "..\Microsoft.Win32.Registry\ref\Microsoft.Win32.Registry.csproj", "{5EDF447E-42E9-4384-AF06-A7BFD12D0D0F}"
EndProject
Project("{9A19103F-16F7-4668-BE54-9A1E7A4F7556}") = "System.IO.Compression", "ref\System.IO.Compression.csproj", "{9BFD204A-0DB1-466A-9704-0E869AC8940F}"
EndProject
Project("{9A19103F-16F7-4668-BE54-9A1E7A4F7556}") = "System.IO.Compression", "src\System.IO.Compression.csproj", "{ED776381-E13D-4A0B-ACB4-74C5A784BD25}"
EndProject
Project("{9A19103F-16F7-4668-BE54-9A1E7A4F7556}") = "System.IO.Compression.Tests", "tests\System.IO.Compression.Tests.csproj", "{DDD2055F-5FB6-41CD-ABE8-6FB45F6CF44A}"
EndProject
Project("{9A19103F-16F7-4668-BE54-9A1E7A4F7556}") = "System.Runtime.CompilerServices.Unsafe", "..\System.Runtime.CompilerServices.Unsafe\ref\System.Runtime.CompilerServices.Unsafe.csproj", "{BD3E0A9D-1E3D-4E5A-A095-AB33B234AFE7}"
EndProject
Project("{9A19103F-16F7-4668-BE54-9A1E7A4F7556}") = "System.Runtime.CompilerServices.Unsafe", "..\System.Runtime.CompilerServices.Unsafe\src\System.Runtime.CompilerServices.Unsafe.ilproj", "{65C7FDC3-D18B-4888-88C1-EA22B9247831}"
EndProject
Project("{9A19103F-16F7-4668-BE54-9A1E7A4F7556}") = "System.Security.AccessControl", "..\System.Security.AccessControl\ref\System.Security.AccessControl.csproj", "{407EEA45-431F-41AE-ADA6-8BB884362FDC}"
EndProject
Project("{9A19103F-16F7-4668-BE54-9A1E7A4F7556}") = "System.Security.Principal.Windows", "..\System.Security.Principal.Windows\ref\System.Security.Principal.Windows.csproj", "{46C60A4C-CDC0-427B-A715-D59B61205DE4}"
EndProject
Project("{2150E333-8FDC-42A3-9474-1A3956D46DE8}") = "ref", "ref", "{4C32A8FE-4D45-4DFE-9844-5F62ADCE4EDE}"
EndProject
Project("{2150E333-8FDC-42A3-9474-1A3956D46DE8}") = "tests", "tests", "{1DBDB5AB-A6D3-4296-85F4-A436E8A8E4CA}"
EndProject
Project("{2150E333-8FDC-42A3-9474-1A3956D46DE8}") = "src", "src", "{6A47C1D8-E4A6-41F4-BF46-804E37ECD95F}"
EndProject
Global
	GlobalSection(SolutionConfigurationPlatforms) = preSolution
		Debug|Any CPU = Debug|Any CPU
		Release|Any CPU = Release|Any CPU
	EndGlobalSection
	GlobalSection(ProjectConfigurationPlatforms) = postSolution
		{9BFD204A-0DB1-466A-9704-0E869AC8940F}.Debug|Any CPU.ActiveCfg = Debug|Any CPU
		{9BFD204A-0DB1-466A-9704-0E869AC8940F}.Debug|Any CPU.Build.0 = Debug|Any CPU
		{9BFD204A-0DB1-466A-9704-0E869AC8940F}.Release|Any CPU.ActiveCfg = Release|Any CPU
		{9BFD204A-0DB1-466A-9704-0E869AC8940F}.Release|Any CPU.Build.0 = Release|Any CPU
		{DDD2055F-5FB6-41CD-ABE8-6FB45F6CF44A}.Debug|Any CPU.ActiveCfg = Debug|Any CPU
		{DDD2055F-5FB6-41CD-ABE8-6FB45F6CF44A}.Debug|Any CPU.Build.0 = Debug|Any CPU
		{DDD2055F-5FB6-41CD-ABE8-6FB45F6CF44A}.Release|Any CPU.ActiveCfg = Release|Any CPU
		{DDD2055F-5FB6-41CD-ABE8-6FB45F6CF44A}.Release|Any CPU.Build.0 = Release|Any CPU
		{ED776381-E13D-4A0B-ACB4-74C5A784BD25}.Debug|Any CPU.ActiveCfg = Debug|Any CPU
		{ED776381-E13D-4A0B-ACB4-74C5A784BD25}.Debug|Any CPU.Build.0 = Debug|Any CPU
		{ED776381-E13D-4A0B-ACB4-74C5A784BD25}.Release|Any CPU.ActiveCfg = Release|Any CPU
		{ED776381-E13D-4A0B-ACB4-74C5A784BD25}.Release|Any CPU.Build.0 = Release|Any CPU
		{6F1E1397-7610-4E99-BA7E-895ABC8E5ACB}.Debug|Any CPU.ActiveCfg = Debug|Any CPU
		{6F1E1397-7610-4E99-BA7E-895ABC8E5ACB}.Debug|Any CPU.Build.0 = Debug|Any CPU
		{6F1E1397-7610-4E99-BA7E-895ABC8E5ACB}.Release|Any CPU.ActiveCfg = Release|Any CPU
		{6F1E1397-7610-4E99-BA7E-895ABC8E5ACB}.Release|Any CPU.Build.0 = Release|Any CPU
		{46C60A4C-CDC0-427B-A715-D59B61205DE4}.Debug|Any CPU.ActiveCfg = Debug|Any CPU
		{46C60A4C-CDC0-427B-A715-D59B61205DE4}.Debug|Any CPU.Build.0 = Debug|Any CPU
		{46C60A4C-CDC0-427B-A715-D59B61205DE4}.Release|Any CPU.ActiveCfg = Release|Any CPU
		{46C60A4C-CDC0-427B-A715-D59B61205DE4}.Release|Any CPU.Build.0 = Release|Any CPU
		{5EDF447E-42E9-4384-AF06-A7BFD12D0D0F}.Debug|Any CPU.ActiveCfg = Debug|Any CPU
		{5EDF447E-42E9-4384-AF06-A7BFD12D0D0F}.Debug|Any CPU.Build.0 = Debug|Any CPU
		{5EDF447E-42E9-4384-AF06-A7BFD12D0D0F}.Release|Any CPU.ActiveCfg = Release|Any CPU
		{5EDF447E-42E9-4384-AF06-A7BFD12D0D0F}.Release|Any CPU.Build.0 = Release|Any CPU
		{65C7FDC3-D18B-4888-88C1-EA22B9247831}.Debug|Any CPU.ActiveCfg = Debug|Any CPU
		{65C7FDC3-D18B-4888-88C1-EA22B9247831}.Debug|Any CPU.Build.0 = Debug|Any CPU
		{65C7FDC3-D18B-4888-88C1-EA22B9247831}.Release|Any CPU.ActiveCfg = Release|Any CPU
		{65C7FDC3-D18B-4888-88C1-EA22B9247831}.Release|Any CPU.Build.0 = Release|Any CPU
		{407EEA45-431F-41AE-ADA6-8BB884362FDC}.Debug|Any CPU.ActiveCfg = Debug|Any CPU
		{407EEA45-431F-41AE-ADA6-8BB884362FDC}.Debug|Any CPU.Build.0 = Debug|Any CPU
		{407EEA45-431F-41AE-ADA6-8BB884362FDC}.Release|Any CPU.ActiveCfg = Release|Any CPU
		{407EEA45-431F-41AE-ADA6-8BB884362FDC}.Release|Any CPU.Build.0 = Release|Any CPU
		{BD3E0A9D-1E3D-4E5A-A095-AB33B234AFE7}.Debug|Any CPU.ActiveCfg = Debug|Any CPU
		{BD3E0A9D-1E3D-4E5A-A095-AB33B234AFE7}.Debug|Any CPU.Build.0 = Debug|Any CPU
		{BD3E0A9D-1E3D-4E5A-A095-AB33B234AFE7}.Release|Any CPU.ActiveCfg = Release|Any CPU
		{BD3E0A9D-1E3D-4E5A-A095-AB33B234AFE7}.Release|Any CPU.Build.0 = Release|Any CPU
	EndGlobalSection
	GlobalSection(SolutionProperties) = preSolution
		HideSolutionNode = FALSE
	EndGlobalSection
	GlobalSection(NestedProjects) = preSolution
		{9BFD204A-0DB1-466A-9704-0E869AC8940F} = {4C32A8FE-4D45-4DFE-9844-5F62ADCE4EDE}
		{46C60A4C-CDC0-427B-A715-D59B61205DE4} = {4C32A8FE-4D45-4DFE-9844-5F62ADCE4EDE}
		{5EDF447E-42E9-4384-AF06-A7BFD12D0D0F} = {4C32A8FE-4D45-4DFE-9844-5F62ADCE4EDE}
		{407EEA45-431F-41AE-ADA6-8BB884362FDC} = {4C32A8FE-4D45-4DFE-9844-5F62ADCE4EDE}
		{BD3E0A9D-1E3D-4E5A-A095-AB33B234AFE7} = {4C32A8FE-4D45-4DFE-9844-5F62ADCE4EDE}
		{DDD2055F-5FB6-41CD-ABE8-6FB45F6CF44A} = {1DBDB5AB-A6D3-4296-85F4-A436E8A8E4CA}
		{6F1E1397-7610-4E99-BA7E-895ABC8E5ACB} = {1DBDB5AB-A6D3-4296-85F4-A436E8A8E4CA}
		{ED776381-E13D-4A0B-ACB4-74C5A784BD25} = {6A47C1D8-E4A6-41F4-BF46-804E37ECD95F}
		{65C7FDC3-D18B-4888-88C1-EA22B9247831} = {6A47C1D8-E4A6-41F4-BF46-804E37ECD95F}
	EndGlobalSection
	GlobalSection(ExtensibilityGlobals) = postSolution
		SolutionGuid = {0F6F5B24-5CE5-45F2-9169-FEBEF2A3FE80}
	EndGlobalSection
EndGlobal
